// !$*UTF8*$!
{
	archiveVersion = 1;
	classes = {
	};
	objectVersion = 46;
	objects = {

/* Begin PBXBuildFile section */
		8963F0E6225D386B0080B8B0 /* Swinject.framework in Frameworks */ = {isa = PBXBuildFile; fileRef = 983DFE641CDB38F000D39731 /* Swinject.framework */; };
		8963F0E7225D387D0080B8B0 /* Swinject.framework in Frameworks */ = {isa = PBXBuildFile; fileRef = 983DFE681CDB38F000D39731 /* Swinject.framework */; };
		8963F0E8225D38990080B8B0 /* Swinject.framework in Frameworks */ = {isa = PBXBuildFile; fileRef = 983DFE6E1CDB38F000D39731 /* Swinject.framework */; };
		8963F0E9225D38D50080B8B0 /* Swinject.framework in Frameworks */ = {isa = PBXBuildFile; fileRef = 983DFE6C1CDB38F000D39731 /* Swinject.framework */; };
		983D00001CDF63A000D39731 /* Resolver+Properties.swift in Sources */ = {isa = PBXBuildFile; fileRef = 983DFFFB1CDF63A000D39731 /* Resolver+Properties.swift */; };
		983D00011CDF63A000D39731 /* Resolver+Properties.swift in Sources */ = {isa = PBXBuildFile; fileRef = 983DFFFB1CDF63A000D39731 /* Resolver+Properties.swift */; };
		983D00021CDF63A000D39731 /* Resolver+Properties.swift in Sources */ = {isa = PBXBuildFile; fileRef = 983DFFFB1CDF63A000D39731 /* Resolver+Properties.swift */; };
		983D00031CDF63A000D39731 /* Resolver+Properties.swift in Sources */ = {isa = PBXBuildFile; fileRef = 983DFFFB1CDF63A000D39731 /* Resolver+Properties.swift */; };
		983D00041CDF63A000D39731 /* JsonPropertyLoader.swift in Sources */ = {isa = PBXBuildFile; fileRef = 983DFFFC1CDF63A000D39731 /* JsonPropertyLoader.swift */; };
		983D00051CDF63A000D39731 /* JsonPropertyLoader.swift in Sources */ = {isa = PBXBuildFile; fileRef = 983DFFFC1CDF63A000D39731 /* JsonPropertyLoader.swift */; };
		983D00061CDF63A000D39731 /* JsonPropertyLoader.swift in Sources */ = {isa = PBXBuildFile; fileRef = 983DFFFC1CDF63A000D39731 /* JsonPropertyLoader.swift */; };
		983D00071CDF63A000D39731 /* JsonPropertyLoader.swift in Sources */ = {isa = PBXBuildFile; fileRef = 983DFFFC1CDF63A000D39731 /* JsonPropertyLoader.swift */; };
		983D00081CDF63A000D39731 /* PlistPropertyLoader.swift in Sources */ = {isa = PBXBuildFile; fileRef = 983DFFFD1CDF63A000D39731 /* PlistPropertyLoader.swift */; };
		983D00091CDF63A000D39731 /* PlistPropertyLoader.swift in Sources */ = {isa = PBXBuildFile; fileRef = 983DFFFD1CDF63A000D39731 /* PlistPropertyLoader.swift */; };
		983D000A1CDF63A000D39731 /* PlistPropertyLoader.swift in Sources */ = {isa = PBXBuildFile; fileRef = 983DFFFD1CDF63A000D39731 /* PlistPropertyLoader.swift */; };
		983D000B1CDF63A000D39731 /* PlistPropertyLoader.swift in Sources */ = {isa = PBXBuildFile; fileRef = 983DFFFD1CDF63A000D39731 /* PlistPropertyLoader.swift */; };
		983D000C1CDF63A000D39731 /* PropertyLoaderError.swift in Sources */ = {isa = PBXBuildFile; fileRef = 983DFFFE1CDF63A000D39731 /* PropertyLoaderError.swift */; };
		983D000D1CDF63A000D39731 /* PropertyLoaderError.swift in Sources */ = {isa = PBXBuildFile; fileRef = 983DFFFE1CDF63A000D39731 /* PropertyLoaderError.swift */; };
		983D000E1CDF63A000D39731 /* PropertyLoaderError.swift in Sources */ = {isa = PBXBuildFile; fileRef = 983DFFFE1CDF63A000D39731 /* PropertyLoaderError.swift */; };
		983D000F1CDF63A000D39731 /* PropertyLoaderError.swift in Sources */ = {isa = PBXBuildFile; fileRef = 983DFFFE1CDF63A000D39731 /* PropertyLoaderError.swift */; };
		983D00101CDF63A000D39731 /* PropertyLoader.swift in Sources */ = {isa = PBXBuildFile; fileRef = 983DFFFF1CDF63A000D39731 /* PropertyLoader.swift */; };
		983D00111CDF63A000D39731 /* PropertyLoader.swift in Sources */ = {isa = PBXBuildFile; fileRef = 983DFFFF1CDF63A000D39731 /* PropertyLoader.swift */; };
		983D00121CDF63A000D39731 /* PropertyLoader.swift in Sources */ = {isa = PBXBuildFile; fileRef = 983DFFFF1CDF63A000D39731 /* PropertyLoader.swift */; };
		983D00131CDF63A000D39731 /* PropertyLoader.swift in Sources */ = {isa = PBXBuildFile; fileRef = 983DFFFF1CDF63A000D39731 /* PropertyLoader.swift */; };
		983D00181CDF63CA00D39731 /* JsonPropertyLoaderSpec.swift in Sources */ = {isa = PBXBuildFile; fileRef = 983D00141CDF63CA00D39731 /* JsonPropertyLoaderSpec.swift */; };
		983D00191CDF63CA00D39731 /* JsonPropertyLoaderSpec.swift in Sources */ = {isa = PBXBuildFile; fileRef = 983D00141CDF63CA00D39731 /* JsonPropertyLoaderSpec.swift */; };
		983D001A1CDF63CA00D39731 /* JsonPropertyLoaderSpec.swift in Sources */ = {isa = PBXBuildFile; fileRef = 983D00141CDF63CA00D39731 /* JsonPropertyLoaderSpec.swift */; };
		983D001B1CDF63CA00D39731 /* PlistPropertyLoaderSpec.swift in Sources */ = {isa = PBXBuildFile; fileRef = 983D00151CDF63CA00D39731 /* PlistPropertyLoaderSpec.swift */; };
		983D001C1CDF63CA00D39731 /* PlistPropertyLoaderSpec.swift in Sources */ = {isa = PBXBuildFile; fileRef = 983D00151CDF63CA00D39731 /* PlistPropertyLoaderSpec.swift */; };
		983D001D1CDF63CA00D39731 /* PlistPropertyLoaderSpec.swift in Sources */ = {isa = PBXBuildFile; fileRef = 983D00151CDF63CA00D39731 /* PlistPropertyLoaderSpec.swift */; };
		983D001E1CDF63CA00D39731 /* Properties.swift in Sources */ = {isa = PBXBuildFile; fileRef = 983D00161CDF63CA00D39731 /* Properties.swift */; };
		983D001F1CDF63CA00D39731 /* Properties.swift in Sources */ = {isa = PBXBuildFile; fileRef = 983D00161CDF63CA00D39731 /* Properties.swift */; };
		983D00201CDF63CA00D39731 /* Properties.swift in Sources */ = {isa = PBXBuildFile; fileRef = 983D00161CDF63CA00D39731 /* Properties.swift */; };
		983D002A1CDF63E000D39731 /* first.json in Resources */ = {isa = PBXBuildFile; fileRef = 983D00251CDF63E000D39731 /* first.json */; };
		983D002B1CDF63E000D39731 /* first.json in Resources */ = {isa = PBXBuildFile; fileRef = 983D00251CDF63E000D39731 /* first.json */; };
		983D002C1CDF63E000D39731 /* first.json in Resources */ = {isa = PBXBuildFile; fileRef = 983D00251CDF63E000D39731 /* first.json */; };
		983D002D1CDF63E000D39731 /* first.plist in Resources */ = {isa = PBXBuildFile; fileRef = 983D00261CDF63E000D39731 /* first.plist */; };
		983D002E1CDF63E000D39731 /* first.plist in Resources */ = {isa = PBXBuildFile; fileRef = 983D00261CDF63E000D39731 /* first.plist */; };
		983D002F1CDF63E000D39731 /* first.plist in Resources */ = {isa = PBXBuildFile; fileRef = 983D00261CDF63E000D39731 /* first.plist */; };
		983D00301CDF63E000D39731 /* invalid.json in Resources */ = {isa = PBXBuildFile; fileRef = 983D00271CDF63E000D39731 /* invalid.json */; };
		983D00311CDF63E000D39731 /* invalid.json in Resources */ = {isa = PBXBuildFile; fileRef = 983D00271CDF63E000D39731 /* invalid.json */; };
		983D00321CDF63E000D39731 /* invalid.json in Resources */ = {isa = PBXBuildFile; fileRef = 983D00271CDF63E000D39731 /* invalid.json */; };
		983D00331CDF63E000D39731 /* second.json in Resources */ = {isa = PBXBuildFile; fileRef = 983D00281CDF63E000D39731 /* second.json */; };
		983D00341CDF63E000D39731 /* second.json in Resources */ = {isa = PBXBuildFile; fileRef = 983D00281CDF63E000D39731 /* second.json */; };
		983D00351CDF63E000D39731 /* second.json in Resources */ = {isa = PBXBuildFile; fileRef = 983D00281CDF63E000D39731 /* second.json */; };
		983D00361CDF63E000D39731 /* second.plist in Resources */ = {isa = PBXBuildFile; fileRef = 983D00291CDF63E000D39731 /* second.plist */; };
		983D00371CDF63E000D39731 /* second.plist in Resources */ = {isa = PBXBuildFile; fileRef = 983D00291CDF63E000D39731 /* second.plist */; };
		983D00381CDF63E000D39731 /* second.plist in Resources */ = {isa = PBXBuildFile; fileRef = 983D00291CDF63E000D39731 /* second.plist */; };
		983D00401CDF651600D39731 /* Assembler+PropertiesSpec.swift in Sources */ = {isa = PBXBuildFile; fileRef = 983D003F1CDF651600D39731 /* Assembler+PropertiesSpec.swift */; };
		983D00411CDF651600D39731 /* Assembler+PropertiesSpec.swift in Sources */ = {isa = PBXBuildFile; fileRef = 983D003F1CDF651600D39731 /* Assembler+PropertiesSpec.swift */; };
		983D00421CDF651600D39731 /* Assembler+PropertiesSpec.swift in Sources */ = {isa = PBXBuildFile; fileRef = 983D003F1CDF651600D39731 /* Assembler+PropertiesSpec.swift */; };
		983D005B1CDF664600D39731 /* Animal.swift in Sources */ = {isa = PBXBuildFile; fileRef = 983D005A1CDF664600D39731 /* Animal.swift */; };
		983D005C1CDF664600D39731 /* Animal.swift in Sources */ = {isa = PBXBuildFile; fileRef = 983D005A1CDF664600D39731 /* Animal.swift */; };
		983D005D1CDF664600D39731 /* Animal.swift in Sources */ = {isa = PBXBuildFile; fileRef = 983D005A1CDF664600D39731 /* Animal.swift */; };
		983D005F1CDF67A900D39731 /* Resolver+PropertiesSpec.swift in Sources */ = {isa = PBXBuildFile; fileRef = 983D005E1CDF67A900D39731 /* Resolver+PropertiesSpec.swift */; };
		983D00601CDF67A900D39731 /* Resolver+PropertiesSpec.swift in Sources */ = {isa = PBXBuildFile; fileRef = 983D005E1CDF67A900D39731 /* Resolver+PropertiesSpec.swift */; };
		983D00611CDF67A900D39731 /* Resolver+PropertiesSpec.swift in Sources */ = {isa = PBXBuildFile; fileRef = 983D005E1CDF67A900D39731 /* Resolver+PropertiesSpec.swift */; };
		983D00991CDF6DA300D39731 /* Assembler+Properties.swift in Sources */ = {isa = PBXBuildFile; fileRef = 983D00391CDF640D00D39731 /* Assembler+Properties.swift */; };
		983D009A1CDF6DA400D39731 /* Assembler+Properties.swift in Sources */ = {isa = PBXBuildFile; fileRef = 983D00391CDF640D00D39731 /* Assembler+Properties.swift */; };
		983D009B1CDF6DA500D39731 /* Assembler+Properties.swift in Sources */ = {isa = PBXBuildFile; fileRef = 983D00391CDF640D00D39731 /* Assembler+Properties.swift */; };
		983D009C1CDF6DA500D39731 /* Assembler+Properties.swift in Sources */ = {isa = PBXBuildFile; fileRef = 983D00391CDF640D00D39731 /* Assembler+Properties.swift */; };
		983D009D1CDF6FEE00D39731 /* BasicAssembly.swift in Sources */ = {isa = PBXBuildFile; fileRef = 983D00491CDF65E400D39731 /* BasicAssembly.swift */; };
		983D009E1CDF6FEF00D39731 /* BasicAssembly.swift in Sources */ = {isa = PBXBuildFile; fileRef = 983D00491CDF65E400D39731 /* BasicAssembly.swift */; };
		983D009F1CDF6FF000D39731 /* BasicAssembly.swift in Sources */ = {isa = PBXBuildFile; fileRef = 983D00491CDF65E400D39731 /* BasicAssembly.swift */; };
		983DFF831CDF406F00D39731 /* SwinjectPropertyLoader.h in Headers */ = {isa = PBXBuildFile; fileRef = 985904091CDB0AA700275E4A /* SwinjectPropertyLoader.h */; settings = {ATTRIBUTES = (Public, ); }; };
		985315521CDB2CBF009E9FB7 /* SwinjectPropertyLoader.h in Headers */ = {isa = PBXBuildFile; fileRef = 985904091CDB0AA700275E4A /* SwinjectPropertyLoader.h */; settings = {ATTRIBUTES = (Public, ); }; };
		985315531CDB2CC0009E9FB7 /* SwinjectPropertyLoader.h in Headers */ = {isa = PBXBuildFile; fileRef = 985904091CDB0AA700275E4A /* SwinjectPropertyLoader.h */; settings = {ATTRIBUTES = (Public, ); }; };
		9859040A1CDB0AA700275E4A /* SwinjectPropertyLoader.h in Headers */ = {isa = PBXBuildFile; fileRef = 985904091CDB0AA700275E4A /* SwinjectPropertyLoader.h */; settings = {ATTRIBUTES = (Public, ); }; };
		985904111CDB0AA700275E4A /* SwinjectPropertyLoader.framework in Frameworks */ = {isa = PBXBuildFile; fileRef = 985904061CDB0AA700275E4A /* SwinjectPropertyLoader.framework */; };
		98D562821CDB173500DECDC0 /* SwinjectPropertyLoader.framework in Frameworks */ = {isa = PBXBuildFile; fileRef = 98D562781CDB173500DECDC0 /* SwinjectPropertyLoader.framework */; };
		98D5629E1CDB19AB00DECDC0 /* SwinjectPropertyLoader.framework in Frameworks */ = {isa = PBXBuildFile; fileRef = 98D562941CDB19AB00DECDC0 /* SwinjectPropertyLoader.framework */; };
		98D563A61CDB29FA00DECDC0 /* Nimble.framework in Frameworks */ = {isa = PBXBuildFile; fileRef = 98D563791CDB28C700DECDC0 /* Nimble.framework */; };
		98D563A71CDB29FA00DECDC0 /* Quick.framework in Frameworks */ = {isa = PBXBuildFile; fileRef = 98D563971CDB28CE00DECDC0 /* Quick.framework */; };
		98D563AC1CDB2A2100DECDC0 /* Nimble.framework in Frameworks */ = {isa = PBXBuildFile; fileRef = 98D5637D1CDB28C700DECDC0 /* Nimble.framework */; };
		98D563AD1CDB2A2100DECDC0 /* Quick.framework in Frameworks */ = {isa = PBXBuildFile; fileRef = 98D563911CDB28CE00DECDC0 /* Quick.framework */; };
		98D563B21CDB2A3400DECDC0 /* Nimble.framework in Frameworks */ = {isa = PBXBuildFile; fileRef = 98D563811CDB28C700DECDC0 /* Nimble.framework */; };
		98D563B31CDB2A3400DECDC0 /* Quick.framework in Frameworks */ = {isa = PBXBuildFile; fileRef = 98D5639D1CDB28CE00DECDC0 /* Quick.framework */; };
/* End PBXBuildFile section */

/* Begin PBXContainerItemProxy section */
		8FAB6A461E2C44CF005E52F1 /* PBXContainerItemProxy */ = {
			isa = PBXContainerItemProxy;
			containerPortal = 98D563841CDB28CE00DECDC0 /* Quick.xcodeproj */;
			proxyType = 2;
			remoteGlobalIDString = 64076CF51D6D7C2000E2B499;
			remoteInfo = "QuickAfterSuite-macOSTests";
		};
		8FAB6A481E2C44CF005E52F1 /* PBXContainerItemProxy */ = {
			isa = PBXContainerItemProxy;
			containerPortal = 98D563841CDB28CE00DECDC0 /* Quick.xcodeproj */;
			proxyType = 2;
			remoteGlobalIDString = 64076D081D6D7CD600E2B499;
			remoteInfo = "QuickAfterSuite-iOSTests";
		};
		8FAB6A4A1E2C44CF005E52F1 /* PBXContainerItemProxy */ = {
			isa = PBXContainerItemProxy;
			containerPortal = 98D563841CDB28CE00DECDC0 /* Quick.xcodeproj */;
			proxyType = 2;
			remoteGlobalIDString = 64076D1A1D6D7CEA00E2B499;
			remoteInfo = "QuickAfterSuite-tvOSTests";
		};
		983D00761CDF693700D39731 /* PBXContainerItemProxy */ = {
			isa = PBXContainerItemProxy;
			containerPortal = 983DFE4E1CDB38F000D39731 /* Swinject.xcodeproj */;
			proxyType = 1;
			remoteGlobalIDString = 985010C51BBE76D400A2CCFC;
			remoteInfo = "Swinject-watchOS";
		};
		983DFE631CDB38F000D39731 /* PBXContainerItemProxy */ = {
			isa = PBXContainerItemProxy;
			containerPortal = 983DFE4E1CDB38F000D39731 /* Swinject.xcodeproj */;
			proxyType = 2;
			remoteGlobalIDString = 981ABE811B5FC9DF00294975;
			remoteInfo = "Swinject-iOS";
		};
		983DFE651CDB38F000D39731 /* PBXContainerItemProxy */ = {
			isa = PBXContainerItemProxy;
			containerPortal = 983DFE4E1CDB38F000D39731 /* Swinject.xcodeproj */;
			proxyType = 2;
			remoteGlobalIDString = 981ABE8B1B5FC9DF00294975;
			remoteInfo = "Swinject-iOSTests";
		};
		983DFE671CDB38F000D39731 /* PBXContainerItemProxy */ = {
			isa = PBXContainerItemProxy;
			containerPortal = 983DFE4E1CDB38F000D39731 /* Swinject.xcodeproj */;
			proxyType = 2;
			remoteGlobalIDString = 981899BC1B5FE63F00C702D0;
			remoteInfo = "Swinject-OSX";
		};
		983DFE691CDB38F000D39731 /* PBXContainerItemProxy */ = {
			isa = PBXContainerItemProxy;
			containerPortal = 983DFE4E1CDB38F000D39731 /* Swinject.xcodeproj */;
			proxyType = 2;
			remoteGlobalIDString = 981899C51B5FE63F00C702D0;
			remoteInfo = "Swinject-OSXTests";
		};
		983DFE6B1CDB38F000D39731 /* PBXContainerItemProxy */ = {
			isa = PBXContainerItemProxy;
			containerPortal = 983DFE4E1CDB38F000D39731 /* Swinject.xcodeproj */;
			proxyType = 2;
			remoteGlobalIDString = 985010C61BBE76D400A2CCFC;
			remoteInfo = "Swinject-watchOS";
		};
		983DFE6D1CDB38F000D39731 /* PBXContainerItemProxy */ = {
			isa = PBXContainerItemProxy;
			containerPortal = 983DFE4E1CDB38F000D39731 /* Swinject.xcodeproj */;
			proxyType = 2;
			remoteGlobalIDString = 98689C7F1BBFC7A50005C6D3;
			remoteInfo = "Swinject-tvOS";
		};
		983DFE6F1CDB38F000D39731 /* PBXContainerItemProxy */ = {
			isa = PBXContainerItemProxy;
			containerPortal = 983DFE4E1CDB38F000D39731 /* Swinject.xcodeproj */;
			proxyType = 2;
			remoteGlobalIDString = 98689C881BBFC7A60005C6D3;
			remoteInfo = "Swinject-tvOSTests";
		};
		983DFE721CDB3A7300D39731 /* PBXContainerItemProxy */ = {
			isa = PBXContainerItemProxy;
			containerPortal = 983DFE4E1CDB38F000D39731 /* Swinject.xcodeproj */;
			proxyType = 1;
			remoteGlobalIDString = 981ABE801B5FC9DF00294975;
			remoteInfo = "Swinject-iOS";
		};
		983DFE761CDB3A9700D39731 /* PBXContainerItemProxy */ = {
			isa = PBXContainerItemProxy;
			containerPortal = 983DFE4E1CDB38F000D39731 /* Swinject.xcodeproj */;
			proxyType = 1;
			remoteGlobalIDString = 981899BB1B5FE63F00C702D0;
			remoteInfo = "Swinject-OSX";
		};
		983DFE781CDB3AA000D39731 /* PBXContainerItemProxy */ = {
			isa = PBXContainerItemProxy;
			containerPortal = 983DFE4E1CDB38F000D39731 /* Swinject.xcodeproj */;
			proxyType = 1;
			remoteGlobalIDString = 98689C7E1BBFC7A50005C6D3;
			remoteInfo = "Swinject-tvOS";
		};
		985315501CDB2C1D009E9FB7 /* PBXContainerItemProxy */ = {
			isa = PBXContainerItemProxy;
			containerPortal = 98D563841CDB28CE00DECDC0 /* Quick.xcodeproj */;
			proxyType = 1;
			remoteGlobalIDString = 5A5D117B19473F2100F6D13D;
			remoteInfo = "Quick-iOS";
		};
		985904121CDB0AA700275E4A /* PBXContainerItemProxy */ = {
			isa = PBXContainerItemProxy;
			containerPortal = 985903FD1CDB0AA700275E4A /* Project object */;
			proxyType = 1;
			remoteGlobalIDString = 985904051CDB0AA700275E4A;
			remoteInfo = SwinjectStoryboard;
		};
		98D562831CDB173500DECDC0 /* PBXContainerItemProxy */ = {
			isa = PBXContainerItemProxy;
			containerPortal = 985903FD1CDB0AA700275E4A /* Project object */;
			proxyType = 1;
			remoteGlobalIDString = 98D562771CDB173500DECDC0;
			remoteInfo = SwinjectStoryboard;
		};
		98D5629F1CDB19AB00DECDC0 /* PBXContainerItemProxy */ = {
			isa = PBXContainerItemProxy;
			containerPortal = 985903FD1CDB0AA700275E4A /* Project object */;
			proxyType = 1;
			remoteGlobalIDString = 98D562931CDB19AB00DECDC0;
			remoteInfo = SwinjectStoryboard;
		};
		98D563781CDB28C700DECDC0 /* PBXContainerItemProxy */ = {
			isa = PBXContainerItemProxy;
			containerPortal = 98D5636F1CDB28C700DECDC0 /* Nimble.xcodeproj */;
			proxyType = 2;
			remoteGlobalIDString = 1F1A74291940169200FFFC47;
			remoteInfo = "Nimble-iOS";
		};
		98D5637A1CDB28C700DECDC0 /* PBXContainerItemProxy */ = {
			isa = PBXContainerItemProxy;
			containerPortal = 98D5636F1CDB28C700DECDC0 /* Nimble.xcodeproj */;
			proxyType = 2;
			remoteGlobalIDString = 1F1A74341940169200FFFC47;
			remoteInfo = "Nimble-iOSTests";
		};
		98D5637C1CDB28C700DECDC0 /* PBXContainerItemProxy */ = {
			isa = PBXContainerItemProxy;
			containerPortal = 98D5636F1CDB28C700DECDC0 /* Nimble.xcodeproj */;
			proxyType = 2;
			remoteGlobalIDString = 1F925EAD195C0D6300ED456B;
			remoteInfo = "Nimble-OSX";
		};
		98D5637E1CDB28C700DECDC0 /* PBXContainerItemProxy */ = {
			isa = PBXContainerItemProxy;
			containerPortal = 98D5636F1CDB28C700DECDC0 /* Nimble.xcodeproj */;
			proxyType = 2;
			remoteGlobalIDString = 1F925EB7195C0D6300ED456B;
			remoteInfo = "Nimble-OSXTests";
		};
		98D563801CDB28C700DECDC0 /* PBXContainerItemProxy */ = {
			isa = PBXContainerItemProxy;
			containerPortal = 98D5636F1CDB28C700DECDC0 /* Nimble.xcodeproj */;
			proxyType = 2;
			remoteGlobalIDString = 1F5DF1551BDCA0CE00C3A531;
			remoteInfo = "Nimble-tvOS";
		};
		98D563821CDB28C700DECDC0 /* PBXContainerItemProxy */ = {
			isa = PBXContainerItemProxy;
			containerPortal = 98D5636F1CDB28C700DECDC0 /* Nimble.xcodeproj */;
			proxyType = 2;
			remoteGlobalIDString = 1F5DF15E1BDCA0CE00C3A531;
			remoteInfo = "Nimble-tvOSTests";
		};
		98D563901CDB28CE00DECDC0 /* PBXContainerItemProxy */ = {
			isa = PBXContainerItemProxy;
			containerPortal = 98D563841CDB28CE00DECDC0 /* Quick.xcodeproj */;
			proxyType = 2;
			remoteGlobalIDString = DAEB6B8E1943873100289F44;
			remoteInfo = "Quick-OSX";
		};
		98D563921CDB28CE00DECDC0 /* PBXContainerItemProxy */ = {
			isa = PBXContainerItemProxy;
			containerPortal = 98D563841CDB28CE00DECDC0 /* Quick.xcodeproj */;
			proxyType = 2;
			remoteGlobalIDString = DAEB6B991943873100289F44;
			remoteInfo = "Quick-OSXTests";
		};
		98D563941CDB28CE00DECDC0 /* PBXContainerItemProxy */ = {
			isa = PBXContainerItemProxy;
			containerPortal = 98D563841CDB28CE00DECDC0 /* Quick.xcodeproj */;
			proxyType = 2;
			remoteGlobalIDString = DA5663E81A4C8D8500193C88;
			remoteInfo = "QuickFocused-OSXTests";
		};
		98D563961CDB28CE00DECDC0 /* PBXContainerItemProxy */ = {
			isa = PBXContainerItemProxy;
			containerPortal = 98D563841CDB28CE00DECDC0 /* Quick.xcodeproj */;
			proxyType = 2;
			remoteGlobalIDString = 5A5D117C19473F2100F6D13D;
			remoteInfo = "Quick-iOS";
		};
		98D563981CDB28CE00DECDC0 /* PBXContainerItemProxy */ = {
			isa = PBXContainerItemProxy;
			containerPortal = 98D563841CDB28CE00DECDC0 /* Quick.xcodeproj */;
			proxyType = 2;
			remoteGlobalIDString = 5A5D118619473F2100F6D13D;
			remoteInfo = "Quick-iOSTests";
		};
		98D5639A1CDB28CE00DECDC0 /* PBXContainerItemProxy */ = {
			isa = PBXContainerItemProxy;
			containerPortal = 98D563841CDB28CE00DECDC0 /* Quick.xcodeproj */;
			proxyType = 2;
			remoteGlobalIDString = DA9876B21A4C70EB0004AA17;
			remoteInfo = "QuickFocused-iOSTests";
		};
		98D5639C1CDB28CE00DECDC0 /* PBXContainerItemProxy */ = {
			isa = PBXContainerItemProxy;
			containerPortal = 98D563841CDB28CE00DECDC0 /* Quick.xcodeproj */;
			proxyType = 2;
			remoteGlobalIDString = 1F118CD51BDCA4AB005013A2;
			remoteInfo = "Quick-tvOS";
		};
		98D5639E1CDB28CE00DECDC0 /* PBXContainerItemProxy */ = {
			isa = PBXContainerItemProxy;
			containerPortal = 98D563841CDB28CE00DECDC0 /* Quick.xcodeproj */;
			proxyType = 2;
			remoteGlobalIDString = 1F118CDE1BDCA4AB005013A2;
			remoteInfo = "Quick-tvOSTests";
		};
		98D563A01CDB28CE00DECDC0 /* PBXContainerItemProxy */ = {
			isa = PBXContainerItemProxy;
			containerPortal = 98D563841CDB28CE00DECDC0 /* Quick.xcodeproj */;
			proxyType = 2;
			remoteGlobalIDString = 1F118CF01BDCA4BB005013A2;
			remoteInfo = "QuickFocused-tvOSTests";
		};
		98D563A21CDB29D700DECDC0 /* PBXContainerItemProxy */ = {
			isa = PBXContainerItemProxy;
			containerPortal = 98D5636F1CDB28C700DECDC0 /* Nimble.xcodeproj */;
			proxyType = 1;
			remoteGlobalIDString = 1F1A74281940169200FFFC47;
			remoteInfo = "Nimble-iOS";
		};
		98D563A81CDB2A0400DECDC0 /* PBXContainerItemProxy */ = {
			isa = PBXContainerItemProxy;
			containerPortal = 98D5636F1CDB28C700DECDC0 /* Nimble.xcodeproj */;
			proxyType = 1;
			remoteGlobalIDString = 1F925EAC195C0D6300ED456B;
			remoteInfo = "Nimble-OSX";
		};
		98D563AA1CDB2A0400DECDC0 /* PBXContainerItemProxy */ = {
			isa = PBXContainerItemProxy;
			containerPortal = 98D563841CDB28CE00DECDC0 /* Quick.xcodeproj */;
			proxyType = 1;
			remoteGlobalIDString = DAEB6B8D1943873100289F44;
			remoteInfo = "Quick-OSX";
		};
		98D563AE1CDB2A2A00DECDC0 /* PBXContainerItemProxy */ = {
			isa = PBXContainerItemProxy;
			containerPortal = 98D5636F1CDB28C700DECDC0 /* Nimble.xcodeproj */;
			proxyType = 1;
			remoteGlobalIDString = 1F5DF1541BDCA0CE00C3A531;
			remoteInfo = "Nimble-tvOS";
		};
		98D563B01CDB2A2A00DECDC0 /* PBXContainerItemProxy */ = {
			isa = PBXContainerItemProxy;
			containerPortal = 98D563841CDB28CE00DECDC0 /* Quick.xcodeproj */;
			proxyType = 1;
			remoteGlobalIDString = 1F118CD41BDCA4AB005013A2;
			remoteInfo = "Quick-tvOS";
		};
/* End PBXContainerItemProxy section */

/* Begin PBXFileReference section */
		8963F0D7225D33E50080B8B0 /* macOS-Application.xcconfig */ = {isa = PBXFileReference; fileEncoding = 4; lastKnownFileType = text.xcconfig; path = "macOS-Application.xcconfig"; sourceTree = "<group>"; };
		8963F0D8225D33E50080B8B0 /* macOS-Framework.xcconfig */ = {isa = PBXFileReference; fileEncoding = 4; lastKnownFileType = text.xcconfig; path = "macOS-Framework.xcconfig"; sourceTree = "<group>"; };
		8963F0D9225D33E50080B8B0 /* macOS-StaticLibrary.xcconfig */ = {isa = PBXFileReference; fileEncoding = 4; lastKnownFileType = text.xcconfig; path = "macOS-StaticLibrary.xcconfig"; sourceTree = "<group>"; };
		8963F0DA225D33E50080B8B0 /* macOS-Base.xcconfig */ = {isa = PBXFileReference; fileEncoding = 4; lastKnownFileType = text.xcconfig; path = "macOS-Base.xcconfig"; sourceTree = "<group>"; };
		8963F0DB225D33E50080B8B0 /* macOS-XCTest.xcconfig */ = {isa = PBXFileReference; fileEncoding = 4; lastKnownFileType = text.xcconfig; path = "macOS-XCTest.xcconfig"; sourceTree = "<group>"; };
		8963F0DC225D33E50080B8B0 /* macOS-DynamicLibrary.xcconfig */ = {isa = PBXFileReference; fileEncoding = 4; lastKnownFileType = text.xcconfig; path = "macOS-DynamicLibrary.xcconfig"; sourceTree = "<group>"; };
		8963F0E3225D34210080B8B0 /* Extension.xcconfig */ = {isa = PBXFileReference; lastKnownFileType = text.xcconfig; path = Extension.xcconfig; sourceTree = "<group>"; };
		8963F0E4225D342C0080B8B0 /* iOS-Extension.xcconfig */ = {isa = PBXFileReference; lastKnownFileType = text.xcconfig; path = "iOS-Extension.xcconfig"; sourceTree = "<group>"; };
		983D00141CDF63CA00D39731 /* JsonPropertyLoaderSpec.swift */ = {isa = PBXFileReference; fileEncoding = 4; lastKnownFileType = sourcecode.swift; path = JsonPropertyLoaderSpec.swift; sourceTree = "<group>"; };
		983D00151CDF63CA00D39731 /* PlistPropertyLoaderSpec.swift */ = {isa = PBXFileReference; fileEncoding = 4; lastKnownFileType = sourcecode.swift; path = PlistPropertyLoaderSpec.swift; sourceTree = "<group>"; };
		983D00161CDF63CA00D39731 /* Properties.swift */ = {isa = PBXFileReference; fileEncoding = 4; lastKnownFileType = sourcecode.swift; path = Properties.swift; sourceTree = "<group>"; };
		983D00251CDF63E000D39731 /* first.json */ = {isa = PBXFileReference; fileEncoding = 4; lastKnownFileType = text.json; path = first.json; sourceTree = "<group>"; };
		983D00261CDF63E000D39731 /* first.plist */ = {isa = PBXFileReference; fileEncoding = 4; lastKnownFileType = text.plist.xml; path = first.plist; sourceTree = "<group>"; };
		983D00271CDF63E000D39731 /* invalid.json */ = {isa = PBXFileReference; fileEncoding = 4; lastKnownFileType = text.json; path = invalid.json; sourceTree = "<group>"; };
		983D00281CDF63E000D39731 /* second.json */ = {isa = PBXFileReference; fileEncoding = 4; lastKnownFileType = text.json; path = second.json; sourceTree = "<group>"; };
		983D00291CDF63E000D39731 /* second.plist */ = {isa = PBXFileReference; fileEncoding = 4; lastKnownFileType = text.plist.xml; path = second.plist; sourceTree = "<group>"; };
		983D00391CDF640D00D39731 /* Assembler+Properties.swift */ = {isa = PBXFileReference; fileEncoding = 4; lastKnownFileType = sourcecode.swift; path = "Assembler+Properties.swift"; sourceTree = "<group>"; };
		983D003F1CDF651600D39731 /* Assembler+PropertiesSpec.swift */ = {isa = PBXFileReference; fileEncoding = 4; lastKnownFileType = sourcecode.swift; path = "Assembler+PropertiesSpec.swift"; sourceTree = "<group>"; };
		983D00491CDF65E400D39731 /* BasicAssembly.swift */ = {isa = PBXFileReference; fileEncoding = 4; lastKnownFileType = sourcecode.swift; path = BasicAssembly.swift; sourceTree = "<group>"; };
		983D005A1CDF664600D39731 /* Animal.swift */ = {isa = PBXFileReference; fileEncoding = 4; lastKnownFileType = sourcecode.swift; path = Animal.swift; sourceTree = "<group>"; };
		983D005E1CDF67A900D39731 /* Resolver+PropertiesSpec.swift */ = {isa = PBXFileReference; fileEncoding = 4; lastKnownFileType = sourcecode.swift; path = "Resolver+PropertiesSpec.swift"; sourceTree = "<group>"; };
		983DFE4E1CDB38F000D39731 /* Swinject.xcodeproj */ = {isa = PBXFileReference; lastKnownFileType = "wrapper.pb-project"; name = Swinject.xcodeproj; path = Carthage/Checkouts/Swinject/Swinject.xcodeproj; sourceTree = "<group>"; };
		983DFF6D1CDF3FEE00D39731 /* SwinjectPropertyLoader.framework */ = {isa = PBXFileReference; explicitFileType = wrapper.framework; includeInIndex = 0; path = SwinjectPropertyLoader.framework; sourceTree = BUILT_PRODUCTS_DIR; };
		983DFF851CDF418300D39731 /* watchOS-Application.xcconfig */ = {isa = PBXFileReference; lastKnownFileType = text.xcconfig; path = "watchOS-Application.xcconfig"; sourceTree = "<group>"; };
		983DFF861CDF418300D39731 /* watchOS-Base.xcconfig */ = {isa = PBXFileReference; lastKnownFileType = text.xcconfig; path = "watchOS-Base.xcconfig"; sourceTree = "<group>"; };
		983DFF871CDF418300D39731 /* watchOS-Framework.xcconfig */ = {isa = PBXFileReference; lastKnownFileType = text.xcconfig; path = "watchOS-Framework.xcconfig"; sourceTree = "<group>"; };
		983DFF881CDF418300D39731 /* watchOS-StaticLibrary.xcconfig */ = {isa = PBXFileReference; lastKnownFileType = text.xcconfig; path = "watchOS-StaticLibrary.xcconfig"; sourceTree = "<group>"; };
		983DFFFB1CDF63A000D39731 /* Resolver+Properties.swift */ = {isa = PBXFileReference; fileEncoding = 4; lastKnownFileType = sourcecode.swift; path = "Resolver+Properties.swift"; sourceTree = "<group>"; };
		983DFFFC1CDF63A000D39731 /* JsonPropertyLoader.swift */ = {isa = PBXFileReference; fileEncoding = 4; lastKnownFileType = sourcecode.swift; path = JsonPropertyLoader.swift; sourceTree = "<group>"; };
		983DFFFD1CDF63A000D39731 /* PlistPropertyLoader.swift */ = {isa = PBXFileReference; fileEncoding = 4; lastKnownFileType = sourcecode.swift; path = PlistPropertyLoader.swift; sourceTree = "<group>"; };
		983DFFFE1CDF63A000D39731 /* PropertyLoaderError.swift */ = {isa = PBXFileReference; fileEncoding = 4; lastKnownFileType = sourcecode.swift; path = PropertyLoaderError.swift; sourceTree = "<group>"; };
		983DFFFF1CDF63A000D39731 /* PropertyLoader.swift */ = {isa = PBXFileReference; fileEncoding = 4; lastKnownFileType = sourcecode.swift; path = PropertyLoader.swift; sourceTree = "<group>"; };
		985904061CDB0AA700275E4A /* SwinjectPropertyLoader.framework */ = {isa = PBXFileReference; explicitFileType = wrapper.framework; includeInIndex = 0; path = SwinjectPropertyLoader.framework; sourceTree = BUILT_PRODUCTS_DIR; };
		985904091CDB0AA700275E4A /* SwinjectPropertyLoader.h */ = {isa = PBXFileReference; lastKnownFileType = sourcecode.c.h; path = SwinjectPropertyLoader.h; sourceTree = "<group>"; };
		9859040B1CDB0AA700275E4A /* Info.plist */ = {isa = PBXFileReference; lastKnownFileType = text.plist.xml; path = Info.plist; sourceTree = "<group>"; };
		985904101CDB0AA700275E4A /* SwinjectPropertyLoaderTests.xctest */ = {isa = PBXFileReference; explicitFileType = wrapper.cfbundle; includeInIndex = 0; path = SwinjectPropertyLoaderTests.xctest; sourceTree = BUILT_PRODUCTS_DIR; };
		985904171CDB0AA700275E4A /* Info.plist */ = {isa = PBXFileReference; lastKnownFileType = text.plist.xml; path = Info.plist; sourceTree = "<group>"; };
		98D562781CDB173500DECDC0 /* SwinjectPropertyLoader.framework */ = {isa = PBXFileReference; explicitFileType = wrapper.framework; includeInIndex = 0; path = SwinjectPropertyLoader.framework; sourceTree = BUILT_PRODUCTS_DIR; };
		98D562811CDB173500DECDC0 /* SwinjectPropertyLoaderTests.xctest */ = {isa = PBXFileReference; explicitFileType = wrapper.cfbundle; includeInIndex = 0; path = SwinjectPropertyLoaderTests.xctest; sourceTree = BUILT_PRODUCTS_DIR; };
		98D562941CDB19AB00DECDC0 /* SwinjectPropertyLoader.framework */ = {isa = PBXFileReference; explicitFileType = wrapper.framework; includeInIndex = 0; path = SwinjectPropertyLoader.framework; sourceTree = BUILT_PRODUCTS_DIR; };
		98D5629D1CDB19AB00DECDC0 /* SwinjectPropertyLoaderTests.xctest */ = {isa = PBXFileReference; explicitFileType = wrapper.cfbundle; includeInIndex = 0; path = SwinjectPropertyLoaderTests.xctest; sourceTree = BUILT_PRODUCTS_DIR; };
		98D562B21CDB1E8800DECDC0 /* Common.xcconfig */ = {isa = PBXFileReference; fileEncoding = 4; lastKnownFileType = text.xcconfig; path = Common.xcconfig; sourceTree = "<group>"; };
		98D562B41CDB1E8800DECDC0 /* Debug.xcconfig */ = {isa = PBXFileReference; fileEncoding = 4; lastKnownFileType = text.xcconfig; path = Debug.xcconfig; sourceTree = "<group>"; };
		98D562B51CDB1E8800DECDC0 /* Profile.xcconfig */ = {isa = PBXFileReference; fileEncoding = 4; lastKnownFileType = text.xcconfig; path = Profile.xcconfig; sourceTree = "<group>"; };
		98D562B61CDB1E8800DECDC0 /* Release.xcconfig */ = {isa = PBXFileReference; fileEncoding = 4; lastKnownFileType = text.xcconfig; path = Release.xcconfig; sourceTree = "<group>"; };
		98D562B71CDB1E8800DECDC0 /* Test.xcconfig */ = {isa = PBXFileReference; fileEncoding = 4; lastKnownFileType = text.xcconfig; path = Test.xcconfig; sourceTree = "<group>"; };
		98D562B91CDB1E8800DECDC0 /* Application.xcconfig */ = {isa = PBXFileReference; fileEncoding = 4; lastKnownFileType = text.xcconfig; path = Application.xcconfig; sourceTree = "<group>"; };
		98D562BA1CDB1E8800DECDC0 /* Framework.xcconfig */ = {isa = PBXFileReference; fileEncoding = 4; lastKnownFileType = text.xcconfig; path = Framework.xcconfig; sourceTree = "<group>"; };
		98D562BB1CDB1E8800DECDC0 /* StaticLibrary.xcconfig */ = {isa = PBXFileReference; fileEncoding = 4; lastKnownFileType = text.xcconfig; path = StaticLibrary.xcconfig; sourceTree = "<group>"; };
		98D562BD1CDB1E8800DECDC0 /* iOS-Application.xcconfig */ = {isa = PBXFileReference; fileEncoding = 4; lastKnownFileType = text.xcconfig; path = "iOS-Application.xcconfig"; sourceTree = "<group>"; };
		98D562BE1CDB1E8800DECDC0 /* iOS-Base.xcconfig */ = {isa = PBXFileReference; fileEncoding = 4; lastKnownFileType = text.xcconfig; path = "iOS-Base.xcconfig"; sourceTree = "<group>"; };
		98D562BF1CDB1E8800DECDC0 /* iOS-Framework.xcconfig */ = {isa = PBXFileReference; fileEncoding = 4; lastKnownFileType = text.xcconfig; path = "iOS-Framework.xcconfig"; sourceTree = "<group>"; };
		98D562C01CDB1E8800DECDC0 /* iOS-StaticLibrary.xcconfig */ = {isa = PBXFileReference; fileEncoding = 4; lastKnownFileType = text.xcconfig; path = "iOS-StaticLibrary.xcconfig"; sourceTree = "<group>"; };
		98D562C91CDB1E8800DECDC0 /* tvOS-Application.xcconfig */ = {isa = PBXFileReference; fileEncoding = 4; lastKnownFileType = text.xcconfig; path = "tvOS-Application.xcconfig"; sourceTree = "<group>"; };
		98D562CA1CDB1E8800DECDC0 /* tvOS-Base.xcconfig */ = {isa = PBXFileReference; fileEncoding = 4; lastKnownFileType = text.xcconfig; path = "tvOS-Base.xcconfig"; sourceTree = "<group>"; };
		98D562CB1CDB1E8800DECDC0 /* tvOS-Framework.xcconfig */ = {isa = PBXFileReference; fileEncoding = 4; lastKnownFileType = text.xcconfig; path = "tvOS-Framework.xcconfig"; sourceTree = "<group>"; };
		98D562CC1CDB1E8800DECDC0 /* tvOS-StaticLibrary.xcconfig */ = {isa = PBXFileReference; fileEncoding = 4; lastKnownFileType = text.xcconfig; path = "tvOS-StaticLibrary.xcconfig"; sourceTree = "<group>"; };
		98D5636F1CDB28C700DECDC0 /* Nimble.xcodeproj */ = {isa = PBXFileReference; lastKnownFileType = "wrapper.pb-project"; name = Nimble.xcodeproj; path = Carthage/Checkouts/Nimble/Nimble.xcodeproj; sourceTree = "<group>"; };
		98D563841CDB28CE00DECDC0 /* Quick.xcodeproj */ = {isa = PBXFileReference; lastKnownFileType = "wrapper.pb-project"; name = Quick.xcodeproj; path = Carthage/Checkouts/Quick/Quick.xcodeproj; sourceTree = "<group>"; };
/* End PBXFileReference section */

/* Begin PBXFrameworksBuildPhase section */
		983DFF691CDF3FEE00D39731 /* Frameworks */ = {
			isa = PBXFrameworksBuildPhase;
			buildActionMask = 2147483647;
			files = (
				8963F0E9225D38D50080B8B0 /* Swinject.framework in Frameworks */,
			);
			runOnlyForDeploymentPostprocessing = 0;
		};
		985904021CDB0AA700275E4A /* Frameworks */ = {
			isa = PBXFrameworksBuildPhase;
			buildActionMask = 2147483647;
			files = (
				8963F0E6225D386B0080B8B0 /* Swinject.framework in Frameworks */,
			);
			runOnlyForDeploymentPostprocessing = 0;
		};
		9859040D1CDB0AA700275E4A /* Frameworks */ = {
			isa = PBXFrameworksBuildPhase;
			buildActionMask = 2147483647;
			files = (
				98D563A61CDB29FA00DECDC0 /* Nimble.framework in Frameworks */,
				98D563A71CDB29FA00DECDC0 /* Quick.framework in Frameworks */,
				985904111CDB0AA700275E4A /* SwinjectPropertyLoader.framework in Frameworks */,
			);
			runOnlyForDeploymentPostprocessing = 0;
		};
		98D562741CDB173500DECDC0 /* Frameworks */ = {
			isa = PBXFrameworksBuildPhase;
			buildActionMask = 2147483647;
			files = (
				8963F0E7225D387D0080B8B0 /* Swinject.framework in Frameworks */,
			);
			runOnlyForDeploymentPostprocessing = 0;
		};
		98D5627E1CDB173500DECDC0 /* Frameworks */ = {
			isa = PBXFrameworksBuildPhase;
			buildActionMask = 2147483647;
			files = (
				98D563AC1CDB2A2100DECDC0 /* Nimble.framework in Frameworks */,
				98D563AD1CDB2A2100DECDC0 /* Quick.framework in Frameworks */,
				98D562821CDB173500DECDC0 /* SwinjectPropertyLoader.framework in Frameworks */,
			);
			runOnlyForDeploymentPostprocessing = 0;
		};
		98D562901CDB19AB00DECDC0 /* Frameworks */ = {
			isa = PBXFrameworksBuildPhase;
			buildActionMask = 2147483647;
			files = (
				8963F0E8225D38990080B8B0 /* Swinject.framework in Frameworks */,
			);
			runOnlyForDeploymentPostprocessing = 0;
		};
		98D5629A1CDB19AB00DECDC0 /* Frameworks */ = {
			isa = PBXFrameworksBuildPhase;
			buildActionMask = 2147483647;
			files = (
				98D563B21CDB2A3400DECDC0 /* Nimble.framework in Frameworks */,
				98D563B31CDB2A3400DECDC0 /* Quick.framework in Frameworks */,
				98D5629E1CDB19AB00DECDC0 /* SwinjectPropertyLoader.framework in Frameworks */,
			);
			runOnlyForDeploymentPostprocessing = 0;
		};
/* End PBXFrameworksBuildPhase section */

/* Begin PBXGroup section */
		8963F0D6225D33E50080B8B0 /* macOS */ = {
			isa = PBXGroup;
			children = (
				8963F0D7225D33E50080B8B0 /* macOS-Application.xcconfig */,
				8963F0DA225D33E50080B8B0 /* macOS-Base.xcconfig */,
				8963F0DC225D33E50080B8B0 /* macOS-DynamicLibrary.xcconfig */,
				8963F0D8225D33E50080B8B0 /* macOS-Framework.xcconfig */,
				8963F0D9225D33E50080B8B0 /* macOS-StaticLibrary.xcconfig */,
				8963F0DB225D33E50080B8B0 /* macOS-XCTest.xcconfig */,
			);
			path = macOS;
			sourceTree = "<group>";
		};
		983D00241CDF63E000D39731 /* Resources */ = {
			isa = PBXGroup;
			children = (
				983D00251CDF63E000D39731 /* first.json */,
				983D00261CDF63E000D39731 /* first.plist */,
				983D00271CDF63E000D39731 /* invalid.json */,
				983D00281CDF63E000D39731 /* second.json */,
				983D00291CDF63E000D39731 /* second.plist */,
			);
			path = Resources;
			sourceTree = "<group>";
		};
		983D00431CDF65C300D39731 /* Fakes */ = {
			isa = PBXGroup;
			children = (
				983D005A1CDF664600D39731 /* Animal.swift */,
				983D00161CDF63CA00D39731 /* Properties.swift */,
				983D00491CDF65E400D39731 /* BasicAssembly.swift */,
			);
			name = Fakes;
			sourceTree = "<group>";
		};
		983DFE4F1CDB38F000D39731 /* Products */ = {
			isa = PBXGroup;
			children = (
				983DFE641CDB38F000D39731 /* Swinject.framework */,
				983DFE661CDB38F000D39731 /* SwinjectTests.xctest */,
				983DFE681CDB38F000D39731 /* Swinject.framework */,
				983DFE6A1CDB38F000D39731 /* SwinjectTests.xctest */,
				983DFE6C1CDB38F000D39731 /* Swinject.framework */,
				983DFE6E1CDB38F000D39731 /* Swinject.framework */,
				983DFE701CDB38F000D39731 /* SwinjectTests.xctest */,
			);
			name = Products;
			sourceTree = "<group>";
		};
		983DFF841CDF418300D39731 /* watchOS */ = {
			isa = PBXGroup;
			children = (
				983DFF851CDF418300D39731 /* watchOS-Application.xcconfig */,
				983DFF861CDF418300D39731 /* watchOS-Base.xcconfig */,
				983DFF871CDF418300D39731 /* watchOS-Framework.xcconfig */,
				983DFF881CDF418300D39731 /* watchOS-StaticLibrary.xcconfig */,
			);
			path = watchOS;
			sourceTree = "<group>";
		};
		985903FC1CDB0AA700275E4A = {
			isa = PBXGroup;
			children = (
				985904081CDB0AA700275E4A /* Sources */,
				985904141CDB0AA700275E4A /* Tests */,
				985904071CDB0AA700275E4A /* Products */,
				98D562AF1CDB1E8800DECDC0 /* Configurations */,
				983DFE4E1CDB38F000D39731 /* Swinject.xcodeproj */,
				98D5636F1CDB28C700DECDC0 /* Nimble.xcodeproj */,
				98D563841CDB28CE00DECDC0 /* Quick.xcodeproj */,
			);
			sourceTree = "<group>";
		};
		985904071CDB0AA700275E4A /* Products */ = {
			isa = PBXGroup;
			children = (
				985904061CDB0AA700275E4A /* SwinjectPropertyLoader.framework */,
				985904101CDB0AA700275E4A /* SwinjectPropertyLoaderTests.xctest */,
				98D562781CDB173500DECDC0 /* SwinjectPropertyLoader.framework */,
				98D562811CDB173500DECDC0 /* SwinjectPropertyLoaderTests.xctest */,
				98D562941CDB19AB00DECDC0 /* SwinjectPropertyLoader.framework */,
				98D5629D1CDB19AB00DECDC0 /* SwinjectPropertyLoaderTests.xctest */,
				983DFF6D1CDF3FEE00D39731 /* SwinjectPropertyLoader.framework */,
			);
			name = Products;
			sourceTree = "<group>";
		};
		985904081CDB0AA700275E4A /* Sources */ = {
			isa = PBXGroup;
			children = (
				983DFFFB1CDF63A000D39731 /* Resolver+Properties.swift */,
				983D00391CDF640D00D39731 /* Assembler+Properties.swift */,
				983DFFFC1CDF63A000D39731 /* JsonPropertyLoader.swift */,
				983DFFFD1CDF63A000D39731 /* PlistPropertyLoader.swift */,
				983DFFFE1CDF63A000D39731 /* PropertyLoaderError.swift */,
				983DFFFF1CDF63A000D39731 /* PropertyLoader.swift */,
				985904091CDB0AA700275E4A /* SwinjectPropertyLoader.h */,
				9859040B1CDB0AA700275E4A /* Info.plist */,
			);
			path = Sources;
			sourceTree = "<group>";
		};
		985904141CDB0AA700275E4A /* Tests */ = {
			isa = PBXGroup;
			children = (
				983D00241CDF63E000D39731 /* Resources */,
				983D00431CDF65C300D39731 /* Fakes */,
				983D005E1CDF67A900D39731 /* Resolver+PropertiesSpec.swift */,
				983D003F1CDF651600D39731 /* Assembler+PropertiesSpec.swift */,
				983D00141CDF63CA00D39731 /* JsonPropertyLoaderSpec.swift */,
				983D00151CDF63CA00D39731 /* PlistPropertyLoaderSpec.swift */,
				985904171CDB0AA700275E4A /* Info.plist */,
			);
			path = Tests;
			sourceTree = "<group>";
		};
		98D562AF1CDB1E8800DECDC0 /* Configurations */ = {
			isa = PBXGroup;
			children = (
				98D562B11CDB1E8800DECDC0 /* Base */,
				98D562BC1CDB1E8800DECDC0 /* iOS */,
				8963F0D6225D33E50080B8B0 /* macOS */,
				98D562C81CDB1E8800DECDC0 /* tvOS */,
				983DFF841CDF418300D39731 /* watchOS */,
			);
			name = Configurations;
			path = Carthage/Checkouts/xcconfigs;
			sourceTree = "<group>";
		};
		98D562B11CDB1E8800DECDC0 /* Base */ = {
			isa = PBXGroup;
			children = (
				98D562B21CDB1E8800DECDC0 /* Common.xcconfig */,
				98D562B31CDB1E8800DECDC0 /* Configurations */,
				98D562B81CDB1E8800DECDC0 /* Targets */,
			);
			path = Base;
			sourceTree = "<group>";
		};
		98D562B31CDB1E8800DECDC0 /* Configurations */ = {
			isa = PBXGroup;
			children = (
				98D562B41CDB1E8800DECDC0 /* Debug.xcconfig */,
				98D562B51CDB1E8800DECDC0 /* Profile.xcconfig */,
				98D562B61CDB1E8800DECDC0 /* Release.xcconfig */,
				98D562B71CDB1E8800DECDC0 /* Test.xcconfig */,
			);
			path = Configurations;
			sourceTree = "<group>";
		};
		98D562B81CDB1E8800DECDC0 /* Targets */ = {
			isa = PBXGroup;
			children = (
				98D562B91CDB1E8800DECDC0 /* Application.xcconfig */,
				8963F0E3225D34210080B8B0 /* Extension.xcconfig */,
				98D562BA1CDB1E8800DECDC0 /* Framework.xcconfig */,
				98D562BB1CDB1E8800DECDC0 /* StaticLibrary.xcconfig */,
			);
			path = Targets;
			sourceTree = "<group>";
		};
		98D562BC1CDB1E8800DECDC0 /* iOS */ = {
			isa = PBXGroup;
			children = (
				98D562BD1CDB1E8800DECDC0 /* iOS-Application.xcconfig */,
				98D562BE1CDB1E8800DECDC0 /* iOS-Base.xcconfig */,
				8963F0E4225D342C0080B8B0 /* iOS-Extension.xcconfig */,
				98D562BF1CDB1E8800DECDC0 /* iOS-Framework.xcconfig */,
				98D562C01CDB1E8800DECDC0 /* iOS-StaticLibrary.xcconfig */,
			);
			path = iOS;
			sourceTree = "<group>";
		};
		98D562C81CDB1E8800DECDC0 /* tvOS */ = {
			isa = PBXGroup;
			children = (
				98D562C91CDB1E8800DECDC0 /* tvOS-Application.xcconfig */,
				98D562CA1CDB1E8800DECDC0 /* tvOS-Base.xcconfig */,
				98D562CB1CDB1E8800DECDC0 /* tvOS-Framework.xcconfig */,
				98D562CC1CDB1E8800DECDC0 /* tvOS-StaticLibrary.xcconfig */,
			);
			path = tvOS;
			sourceTree = "<group>";
		};
		98D563701CDB28C700DECDC0 /* Products */ = {
			isa = PBXGroup;
			children = (
				98D5637D1CDB28C700DECDC0 /* Nimble.framework */,
				98D5637F1CDB28C700DECDC0 /* NimbleTests.xctest */,
				98D563791CDB28C700DECDC0 /* Nimble.framework */,
				98D5637B1CDB28C700DECDC0 /* NimbleTests.xctest */,
				98D563811CDB28C700DECDC0 /* Nimble.framework */,
				98D563831CDB28C700DECDC0 /* NimbleTests.xctest */,
			);
			name = Products;
			sourceTree = "<group>";
		};
		98D563851CDB28CE00DECDC0 /* Products */ = {
			isa = PBXGroup;
			children = (
				98D563911CDB28CE00DECDC0 /* Quick.framework */,
				98D563931CDB28CE00DECDC0 /* Quick - macOSTests.xctest */,
				98D563951CDB28CE00DECDC0 /* QuickFocused - macOSTests.xctest */,
				8FAB6A471E2C44CF005E52F1 /* QuickAfterSuite - macOSTests.xctest */,
				98D563971CDB28CE00DECDC0 /* Quick.framework */,
				98D563991CDB28CE00DECDC0 /* Quick - iOSTests.xctest */,
				98D5639B1CDB28CE00DECDC0 /* QuickFocused - iOSTests.xctest */,
				8FAB6A491E2C44CF005E52F1 /* QuickAfterSuite - iOSTests.xctest */,
				98D5639D1CDB28CE00DECDC0 /* Quick.framework */,
				98D5639F1CDB28CE00DECDC0 /* Quick - tvOSTests.xctest */,
				98D563A11CDB28CE00DECDC0 /* QuickFocused - tvOSTests.xctest */,
				8FAB6A4B1E2C44CF005E52F1 /* QuickAfterSuite - tvOSTests.xctest */,
			);
			name = Products;
			sourceTree = "<group>";
		};
/* End PBXGroup section */

/* Begin PBXHeadersBuildPhase section */
		983DFF6A1CDF3FEE00D39731 /* Headers */ = {
			isa = PBXHeadersBuildPhase;
			buildActionMask = 2147483647;
			files = (
				983DFF831CDF406F00D39731 /* SwinjectPropertyLoader.h in Headers */,
			);
			runOnlyForDeploymentPostprocessing = 0;
		};
		985904031CDB0AA700275E4A /* Headers */ = {
			isa = PBXHeadersBuildPhase;
			buildActionMask = 2147483647;
			files = (
				9859040A1CDB0AA700275E4A /* SwinjectPropertyLoader.h in Headers */,
			);
			runOnlyForDeploymentPostprocessing = 0;
		};
		98D562751CDB173500DECDC0 /* Headers */ = {
			isa = PBXHeadersBuildPhase;
			buildActionMask = 2147483647;
			files = (
				985315521CDB2CBF009E9FB7 /* SwinjectPropertyLoader.h in Headers */,
			);
			runOnlyForDeploymentPostprocessing = 0;
		};
		98D562911CDB19AB00DECDC0 /* Headers */ = {
			isa = PBXHeadersBuildPhase;
			buildActionMask = 2147483647;
			files = (
				985315531CDB2CC0009E9FB7 /* SwinjectPropertyLoader.h in Headers */,
			);
			runOnlyForDeploymentPostprocessing = 0;
		};
/* End PBXHeadersBuildPhase section */

/* Begin PBXNativeTarget section */
		983DFF6C1CDF3FEE00D39731 /* SwinjectPropertyLoader-watchOS */ = {
			isa = PBXNativeTarget;
			buildConfigurationList = 983DFF811CDF3FEE00D39731 /* Build configuration list for PBXNativeTarget "SwinjectPropertyLoader-watchOS" */;
			buildPhases = (
				983DFF681CDF3FEE00D39731 /* Sources */,
				983DFF691CDF3FEE00D39731 /* Frameworks */,
				983DFF6A1CDF3FEE00D39731 /* Headers */,
				983DFF6B1CDF3FEE00D39731 /* Resources */,
			);
			buildRules = (
			);
			dependencies = (
				983D00771CDF693700D39731 /* PBXTargetDependency */,
			);
			name = "SwinjectPropertyLoader-watchOS";
			productName = SwinjectPropertyLoader;
			productReference = 983DFF6D1CDF3FEE00D39731 /* SwinjectPropertyLoader.framework */;
			productType = "com.apple.product-type.framework";
		};
		985904051CDB0AA700275E4A /* SwinjectPropertyLoader-iOS */ = {
			isa = PBXNativeTarget;
			buildConfigurationList = 9859041A1CDB0AA700275E4A /* Build configuration list for PBXNativeTarget "SwinjectPropertyLoader-iOS" */;
			buildPhases = (
				985904011CDB0AA700275E4A /* Sources */,
				985904021CDB0AA700275E4A /* Frameworks */,
				985904031CDB0AA700275E4A /* Headers */,
				985904041CDB0AA700275E4A /* Resources */,
			);
			buildRules = (
			);
			dependencies = (
				983DFE731CDB3A7300D39731 /* PBXTargetDependency */,
			);
			name = "SwinjectPropertyLoader-iOS";
			productName = SwinjectStoryboard;
			productReference = 985904061CDB0AA700275E4A /* SwinjectPropertyLoader.framework */;
			productType = "com.apple.product-type.framework";
		};
		9859040F1CDB0AA700275E4A /* SwinjectPropertyLoader-iOSTests */ = {
			isa = PBXNativeTarget;
			buildConfigurationList = 9859041D1CDB0AA700275E4A /* Build configuration list for PBXNativeTarget "SwinjectPropertyLoader-iOSTests" */;
			buildPhases = (
				9859040C1CDB0AA700275E4A /* Sources */,
				9859040D1CDB0AA700275E4A /* Frameworks */,
				9859040E1CDB0AA700275E4A /* Resources */,
			);
			buildRules = (
			);
			dependencies = (
				985315511CDB2C1D009E9FB7 /* PBXTargetDependency */,
				98D563A31CDB29D700DECDC0 /* PBXTargetDependency */,
				985904131CDB0AA700275E4A /* PBXTargetDependency */,
			);
			name = "SwinjectPropertyLoader-iOSTests";
			productName = SwinjectStoryboardTests;
			productReference = 985904101CDB0AA700275E4A /* SwinjectPropertyLoaderTests.xctest */;
			productType = "com.apple.product-type.bundle.unit-test";
		};
		98D562771CDB173500DECDC0 /* SwinjectPropertyLoader-OSX */ = {
			isa = PBXNativeTarget;
			buildConfigurationList = 98D562891CDB173500DECDC0 /* Build configuration list for PBXNativeTarget "SwinjectPropertyLoader-OSX" */;
			buildPhases = (
				98D562731CDB173500DECDC0 /* Sources */,
				98D562741CDB173500DECDC0 /* Frameworks */,
				98D562751CDB173500DECDC0 /* Headers */,
				98D562761CDB173500DECDC0 /* Resources */,
			);
			buildRules = (
			);
			dependencies = (
				983DFE771CDB3A9700D39731 /* PBXTargetDependency */,
			);
			name = "SwinjectPropertyLoader-OSX";
			productName = SwinjectStoryboard;
			productReference = 98D562781CDB173500DECDC0 /* SwinjectPropertyLoader.framework */;
			productType = "com.apple.product-type.framework";
		};
		98D562801CDB173500DECDC0 /* SwinjectPropertyLoader-OSXTests */ = {
			isa = PBXNativeTarget;
			buildConfigurationList = 98D5628C1CDB173500DECDC0 /* Build configuration list for PBXNativeTarget "SwinjectPropertyLoader-OSXTests" */;
			buildPhases = (
				98D5627D1CDB173500DECDC0 /* Sources */,
				98D5627E1CDB173500DECDC0 /* Frameworks */,
				98D5627F1CDB173500DECDC0 /* Resources */,
			);
			buildRules = (
			);
			dependencies = (
				98D563A91CDB2A0400DECDC0 /* PBXTargetDependency */,
				98D563AB1CDB2A0400DECDC0 /* PBXTargetDependency */,
				98D562841CDB173500DECDC0 /* PBXTargetDependency */,
			);
			name = "SwinjectPropertyLoader-OSXTests";
			productName = SwinjectStoryboardTests;
			productReference = 98D562811CDB173500DECDC0 /* SwinjectPropertyLoaderTests.xctest */;
			productType = "com.apple.product-type.bundle.unit-test";
		};
		98D562931CDB19AB00DECDC0 /* SwinjectPropertyLoader-tvOS */ = {
			isa = PBXNativeTarget;
			buildConfigurationList = 98D562A91CDB19AB00DECDC0 /* Build configuration list for PBXNativeTarget "SwinjectPropertyLoader-tvOS" */;
			buildPhases = (
				98D5628F1CDB19AB00DECDC0 /* Sources */,
				98D562901CDB19AB00DECDC0 /* Frameworks */,
				98D562911CDB19AB00DECDC0 /* Headers */,
				98D562921CDB19AB00DECDC0 /* Resources */,
			);
			buildRules = (
			);
			dependencies = (
				983DFE791CDB3AA000D39731 /* PBXTargetDependency */,
			);
			name = "SwinjectPropertyLoader-tvOS";
			productName = SwinjectStoryboard;
			productReference = 98D562941CDB19AB00DECDC0 /* SwinjectPropertyLoader.framework */;
			productType = "com.apple.product-type.framework";
		};
		98D5629C1CDB19AB00DECDC0 /* SwinjectPropertyLoader-tvOSTests */ = {
			isa = PBXNativeTarget;
			buildConfigurationList = 98D562AA1CDB19AB00DECDC0 /* Build configuration list for PBXNativeTarget "SwinjectPropertyLoader-tvOSTests" */;
			buildPhases = (
				98D562991CDB19AB00DECDC0 /* Sources */,
				98D5629A1CDB19AB00DECDC0 /* Frameworks */,
				98D5629B1CDB19AB00DECDC0 /* Resources */,
			);
			buildRules = (
			);
			dependencies = (
				98D563AF1CDB2A2A00DECDC0 /* PBXTargetDependency */,
				98D563B11CDB2A2A00DECDC0 /* PBXTargetDependency */,
				98D562A01CDB19AB00DECDC0 /* PBXTargetDependency */,
			);
			name = "SwinjectPropertyLoader-tvOSTests";
			productName = SwinjectStoryboardTests;
			productReference = 98D5629D1CDB19AB00DECDC0 /* SwinjectPropertyLoaderTests.xctest */;
			productType = "com.apple.product-type.bundle.unit-test";
		};
/* End PBXNativeTarget section */

/* Begin PBXProject section */
		985903FD1CDB0AA700275E4A /* Project object */ = {
			isa = PBXProject;
			attributes = {
				LastSwiftUpdateCheck = 0730;
				LastUpgradeCheck = 0730;
				ORGANIZATIONNAME = "Swinject Contributors";
				TargetAttributes = {
					983DFF6C1CDF3FEE00D39731 = {
						CreatedOnToolsVersion = 7.3.1;
						LastSwiftMigration = 1020;
					};
					985904051CDB0AA700275E4A = {
						CreatedOnToolsVersion = 7.3.1;
						LastSwiftMigration = 1020;
					};
					9859040F1CDB0AA700275E4A = {
						CreatedOnToolsVersion = 7.3.1;
						LastSwiftMigration = 1020;
					};
					98D562771CDB173500DECDC0 = {
						CreatedOnToolsVersion = 7.3.1;
						LastSwiftMigration = 1020;
					};
					98D562801CDB173500DECDC0 = {
						CreatedOnToolsVersion = 7.3.1;
						LastSwiftMigration = 1020;
					};
					98D562931CDB19AB00DECDC0 = {
						CreatedOnToolsVersion = 7.3.1;
						LastSwiftMigration = 1020;
					};
					98D5629C1CDB19AB00DECDC0 = {
						CreatedOnToolsVersion = 7.3.1;
						LastSwiftMigration = 1020;
						ProvisioningStyle = Manual;
					};
				};
			};
			buildConfigurationList = 985904001CDB0AA700275E4A /* Build configuration list for PBXProject "SwinjectPropertyLoader" */;
			compatibilityVersion = "Xcode 3.2";
			developmentRegion = English;
			hasScannedForEncodings = 0;
			knownRegions = (
				English,
				en,
			);
			mainGroup = 985903FC1CDB0AA700275E4A;
			productRefGroup = 985904071CDB0AA700275E4A /* Products */;
			projectDirPath = "";
			projectReferences = (
				{
					ProductGroup = 98D563701CDB28C700DECDC0 /* Products */;
					ProjectRef = 98D5636F1CDB28C700DECDC0 /* Nimble.xcodeproj */;
				},
				{
					ProductGroup = 98D563851CDB28CE00DECDC0 /* Products */;
					ProjectRef = 98D563841CDB28CE00DECDC0 /* Quick.xcodeproj */;
				},
				{
					ProductGroup = 983DFE4F1CDB38F000D39731 /* Products */;
					ProjectRef = 983DFE4E1CDB38F000D39731 /* Swinject.xcodeproj */;
				},
			);
			projectRoot = "";
			targets = (
				985904051CDB0AA700275E4A /* SwinjectPropertyLoader-iOS */,
				9859040F1CDB0AA700275E4A /* SwinjectPropertyLoader-iOSTests */,
				98D562771CDB173500DECDC0 /* SwinjectPropertyLoader-OSX */,
				98D562801CDB173500DECDC0 /* SwinjectPropertyLoader-OSXTests */,
				98D562931CDB19AB00DECDC0 /* SwinjectPropertyLoader-tvOS */,
				98D5629C1CDB19AB00DECDC0 /* SwinjectPropertyLoader-tvOSTests */,
				983DFF6C1CDF3FEE00D39731 /* SwinjectPropertyLoader-watchOS */,
			);
		};
/* End PBXProject section */

/* Begin PBXReferenceProxy section */
		8FAB6A471E2C44CF005E52F1 /* QuickAfterSuite - macOSTests.xctest */ = {
			isa = PBXReferenceProxy;
			fileType = wrapper.cfbundle;
			path = "QuickAfterSuite - macOSTests.xctest";
			remoteRef = 8FAB6A461E2C44CF005E52F1 /* PBXContainerItemProxy */;
			sourceTree = BUILT_PRODUCTS_DIR;
		};
		8FAB6A491E2C44CF005E52F1 /* QuickAfterSuite - iOSTests.xctest */ = {
			isa = PBXReferenceProxy;
			fileType = wrapper.cfbundle;
			path = "QuickAfterSuite - iOSTests.xctest";
			remoteRef = 8FAB6A481E2C44CF005E52F1 /* PBXContainerItemProxy */;
			sourceTree = BUILT_PRODUCTS_DIR;
		};
		8FAB6A4B1E2C44CF005E52F1 /* QuickAfterSuite - tvOSTests.xctest */ = {
			isa = PBXReferenceProxy;
			fileType = wrapper.cfbundle;
			path = "QuickAfterSuite - tvOSTests.xctest";
			remoteRef = 8FAB6A4A1E2C44CF005E52F1 /* PBXContainerItemProxy */;
			sourceTree = BUILT_PRODUCTS_DIR;
		};
		983DFE641CDB38F000D39731 /* Swinject.framework */ = {
			isa = PBXReferenceProxy;
			fileType = wrapper.framework;
			path = Swinject.framework;
			remoteRef = 983DFE631CDB38F000D39731 /* PBXContainerItemProxy */;
			sourceTree = BUILT_PRODUCTS_DIR;
		};
		983DFE661CDB38F000D39731 /* SwinjectTests.xctest */ = {
			isa = PBXReferenceProxy;
			fileType = wrapper.cfbundle;
			path = SwinjectTests.xctest;
			remoteRef = 983DFE651CDB38F000D39731 /* PBXContainerItemProxy */;
			sourceTree = BUILT_PRODUCTS_DIR;
		};
		983DFE681CDB38F000D39731 /* Swinject.framework */ = {
			isa = PBXReferenceProxy;
			fileType = wrapper.framework;
			path = Swinject.framework;
			remoteRef = 983DFE671CDB38F000D39731 /* PBXContainerItemProxy */;
			sourceTree = BUILT_PRODUCTS_DIR;
		};
		983DFE6A1CDB38F000D39731 /* SwinjectTests.xctest */ = {
			isa = PBXReferenceProxy;
			fileType = wrapper.cfbundle;
			path = SwinjectTests.xctest;
			remoteRef = 983DFE691CDB38F000D39731 /* PBXContainerItemProxy */;
			sourceTree = BUILT_PRODUCTS_DIR;
		};
		983DFE6C1CDB38F000D39731 /* Swinject.framework */ = {
			isa = PBXReferenceProxy;
			fileType = wrapper.framework;
			path = Swinject.framework;
			remoteRef = 983DFE6B1CDB38F000D39731 /* PBXContainerItemProxy */;
			sourceTree = BUILT_PRODUCTS_DIR;
		};
		983DFE6E1CDB38F000D39731 /* Swinject.framework */ = {
			isa = PBXReferenceProxy;
			fileType = wrapper.framework;
			path = Swinject.framework;
			remoteRef = 983DFE6D1CDB38F000D39731 /* PBXContainerItemProxy */;
			sourceTree = BUILT_PRODUCTS_DIR;
		};
		983DFE701CDB38F000D39731 /* SwinjectTests.xctest */ = {
			isa = PBXReferenceProxy;
			fileType = wrapper.cfbundle;
			path = SwinjectTests.xctest;
			remoteRef = 983DFE6F1CDB38F000D39731 /* PBXContainerItemProxy */;
			sourceTree = BUILT_PRODUCTS_DIR;
		};
		98D563791CDB28C700DECDC0 /* Nimble.framework */ = {
			isa = PBXReferenceProxy;
			fileType = wrapper.framework;
			path = Nimble.framework;
			remoteRef = 98D563781CDB28C700DECDC0 /* PBXContainerItemProxy */;
			sourceTree = BUILT_PRODUCTS_DIR;
		};
		98D5637B1CDB28C700DECDC0 /* NimbleTests.xctest */ = {
			isa = PBXReferenceProxy;
			fileType = wrapper.cfbundle;
			path = NimbleTests.xctest;
			remoteRef = 98D5637A1CDB28C700DECDC0 /* PBXContainerItemProxy */;
			sourceTree = BUILT_PRODUCTS_DIR;
		};
		98D5637D1CDB28C700DECDC0 /* Nimble.framework */ = {
			isa = PBXReferenceProxy;
			fileType = wrapper.framework;
			path = Nimble.framework;
			remoteRef = 98D5637C1CDB28C700DECDC0 /* PBXContainerItemProxy */;
			sourceTree = BUILT_PRODUCTS_DIR;
		};
		98D5637F1CDB28C700DECDC0 /* NimbleTests.xctest */ = {
			isa = PBXReferenceProxy;
			fileType = wrapper.cfbundle;
			path = NimbleTests.xctest;
			remoteRef = 98D5637E1CDB28C700DECDC0 /* PBXContainerItemProxy */;
			sourceTree = BUILT_PRODUCTS_DIR;
		};
		98D563811CDB28C700DECDC0 /* Nimble.framework */ = {
			isa = PBXReferenceProxy;
			fileType = wrapper.framework;
			path = Nimble.framework;
			remoteRef = 98D563801CDB28C700DECDC0 /* PBXContainerItemProxy */;
			sourceTree = BUILT_PRODUCTS_DIR;
		};
		98D563831CDB28C700DECDC0 /* NimbleTests.xctest */ = {
			isa = PBXReferenceProxy;
			fileType = wrapper.cfbundle;
			path = NimbleTests.xctest;
			remoteRef = 98D563821CDB28C700DECDC0 /* PBXContainerItemProxy */;
			sourceTree = BUILT_PRODUCTS_DIR;
		};
		98D563911CDB28CE00DECDC0 /* Quick.framework */ = {
			isa = PBXReferenceProxy;
			fileType = wrapper.framework;
			path = Quick.framework;
			remoteRef = 98D563901CDB28CE00DECDC0 /* PBXContainerItemProxy */;
			sourceTree = BUILT_PRODUCTS_DIR;
		};
		98D563931CDB28CE00DECDC0 /* Quick - macOSTests.xctest */ = {
			isa = PBXReferenceProxy;
			fileType = wrapper.cfbundle;
			path = "Quick - macOSTests.xctest";
			remoteRef = 98D563921CDB28CE00DECDC0 /* PBXContainerItemProxy */;
			sourceTree = BUILT_PRODUCTS_DIR;
		};
		98D563951CDB28CE00DECDC0 /* QuickFocused - macOSTests.xctest */ = {
			isa = PBXReferenceProxy;
			fileType = wrapper.cfbundle;
			path = "QuickFocused - macOSTests.xctest";
			remoteRef = 98D563941CDB28CE00DECDC0 /* PBXContainerItemProxy */;
			sourceTree = BUILT_PRODUCTS_DIR;
		};
		98D563971CDB28CE00DECDC0 /* Quick.framework */ = {
			isa = PBXReferenceProxy;
			fileType = wrapper.framework;
			path = Quick.framework;
			remoteRef = 98D563961CDB28CE00DECDC0 /* PBXContainerItemProxy */;
			sourceTree = BUILT_PRODUCTS_DIR;
		};
		98D563991CDB28CE00DECDC0 /* Quick - iOSTests.xctest */ = {
			isa = PBXReferenceProxy;
			fileType = wrapper.cfbundle;
			path = "Quick - iOSTests.xctest";
			remoteRef = 98D563981CDB28CE00DECDC0 /* PBXContainerItemProxy */;
			sourceTree = BUILT_PRODUCTS_DIR;
		};
		98D5639B1CDB28CE00DECDC0 /* QuickFocused - iOSTests.xctest */ = {
			isa = PBXReferenceProxy;
			fileType = wrapper.cfbundle;
			path = "QuickFocused - iOSTests.xctest";
			remoteRef = 98D5639A1CDB28CE00DECDC0 /* PBXContainerItemProxy */;
			sourceTree = BUILT_PRODUCTS_DIR;
		};
		98D5639D1CDB28CE00DECDC0 /* Quick.framework */ = {
			isa = PBXReferenceProxy;
			fileType = wrapper.framework;
			path = Quick.framework;
			remoteRef = 98D5639C1CDB28CE00DECDC0 /* PBXContainerItemProxy */;
			sourceTree = BUILT_PRODUCTS_DIR;
		};
		98D5639F1CDB28CE00DECDC0 /* Quick - tvOSTests.xctest */ = {
			isa = PBXReferenceProxy;
			fileType = wrapper.cfbundle;
			path = "Quick - tvOSTests.xctest";
			remoteRef = 98D5639E1CDB28CE00DECDC0 /* PBXContainerItemProxy */;
			sourceTree = BUILT_PRODUCTS_DIR;
		};
		98D563A11CDB28CE00DECDC0 /* QuickFocused - tvOSTests.xctest */ = {
			isa = PBXReferenceProxy;
			fileType = wrapper.cfbundle;
			path = "QuickFocused - tvOSTests.xctest";
			remoteRef = 98D563A01CDB28CE00DECDC0 /* PBXContainerItemProxy */;
			sourceTree = BUILT_PRODUCTS_DIR;
		};
/* End PBXReferenceProxy section */

/* Begin PBXResourcesBuildPhase section */
		983DFF6B1CDF3FEE00D39731 /* Resources */ = {
			isa = PBXResourcesBuildPhase;
			buildActionMask = 2147483647;
			files = (
			);
			runOnlyForDeploymentPostprocessing = 0;
		};
		985904041CDB0AA700275E4A /* Resources */ = {
			isa = PBXResourcesBuildPhase;
			buildActionMask = 2147483647;
			files = (
			);
			runOnlyForDeploymentPostprocessing = 0;
		};
		9859040E1CDB0AA700275E4A /* Resources */ = {
			isa = PBXResourcesBuildPhase;
			buildActionMask = 2147483647;
			files = (
				983D002A1CDF63E000D39731 /* first.json in Resources */,
				983D002D1CDF63E000D39731 /* first.plist in Resources */,
				983D00301CDF63E000D39731 /* invalid.json in Resources */,
				983D00361CDF63E000D39731 /* second.plist in Resources */,
				983D00331CDF63E000D39731 /* second.json in Resources */,
			);
			runOnlyForDeploymentPostprocessing = 0;
		};
		98D562761CDB173500DECDC0 /* Resources */ = {
			isa = PBXResourcesBuildPhase;
			buildActionMask = 2147483647;
			files = (
			);
			runOnlyForDeploymentPostprocessing = 0;
		};
		98D5627F1CDB173500DECDC0 /* Resources */ = {
			isa = PBXResourcesBuildPhase;
			buildActionMask = 2147483647;
			files = (
				983D002B1CDF63E000D39731 /* first.json in Resources */,
				983D002E1CDF63E000D39731 /* first.plist in Resources */,
				983D00311CDF63E000D39731 /* invalid.json in Resources */,
				983D00371CDF63E000D39731 /* second.plist in Resources */,
				983D00341CDF63E000D39731 /* second.json in Resources */,
			);
			runOnlyForDeploymentPostprocessing = 0;
		};
		98D562921CDB19AB00DECDC0 /* Resources */ = {
			isa = PBXResourcesBuildPhase;
			buildActionMask = 2147483647;
			files = (
			);
			runOnlyForDeploymentPostprocessing = 0;
		};
		98D5629B1CDB19AB00DECDC0 /* Resources */ = {
			isa = PBXResourcesBuildPhase;
			buildActionMask = 2147483647;
			files = (
				983D002C1CDF63E000D39731 /* first.json in Resources */,
				983D002F1CDF63E000D39731 /* first.plist in Resources */,
				983D00321CDF63E000D39731 /* invalid.json in Resources */,
				983D00381CDF63E000D39731 /* second.plist in Resources */,
				983D00351CDF63E000D39731 /* second.json in Resources */,
			);
			runOnlyForDeploymentPostprocessing = 0;
		};
/* End PBXResourcesBuildPhase section */

/* Begin PBXSourcesBuildPhase section */
		983DFF681CDF3FEE00D39731 /* Sources */ = {
			isa = PBXSourcesBuildPhase;
			buildActionMask = 2147483647;
			files = (
				983D00031CDF63A000D39731 /* Resolver+Properties.swift in Sources */,
				983D00991CDF6DA300D39731 /* Assembler+Properties.swift in Sources */,
				983D00071CDF63A000D39731 /* JsonPropertyLoader.swift in Sources */,
				983D000F1CDF63A000D39731 /* PropertyLoaderError.swift in Sources */,
				983D000B1CDF63A000D39731 /* PlistPropertyLoader.swift in Sources */,
				983D00131CDF63A000D39731 /* PropertyLoader.swift in Sources */,
			);
			runOnlyForDeploymentPostprocessing = 0;
		};
		985904011CDB0AA700275E4A /* Sources */ = {
			isa = PBXSourcesBuildPhase;
			buildActionMask = 2147483647;
			files = (
				983D00001CDF63A000D39731 /* Resolver+Properties.swift in Sources */,
				983D009C1CDF6DA500D39731 /* Assembler+Properties.swift in Sources */,
				983D00041CDF63A000D39731 /* JsonPropertyLoader.swift in Sources */,
				983D000C1CDF63A000D39731 /* PropertyLoaderError.swift in Sources */,
				983D00081CDF63A000D39731 /* PlistPropertyLoader.swift in Sources */,
				983D00101CDF63A000D39731 /* PropertyLoader.swift in Sources */,
			);
			runOnlyForDeploymentPostprocessing = 0;
		};
		9859040C1CDB0AA700275E4A /* Sources */ = {
			isa = PBXSourcesBuildPhase;
			buildActionMask = 2147483647;
			files = (
				983D009D1CDF6FEE00D39731 /* BasicAssembly.swift in Sources */,
				983D001E1CDF63CA00D39731 /* Properties.swift in Sources */,
				983D005F1CDF67A900D39731 /* Resolver+PropertiesSpec.swift in Sources */,
				983D001B1CDF63CA00D39731 /* PlistPropertyLoaderSpec.swift in Sources */,
				983D00401CDF651600D39731 /* Assembler+PropertiesSpec.swift in Sources */,
				983D00181CDF63CA00D39731 /* JsonPropertyLoaderSpec.swift in Sources */,
				983D005B1CDF664600D39731 /* Animal.swift in Sources */,
			);
			runOnlyForDeploymentPostprocessing = 0;
		};
		98D562731CDB173500DECDC0 /* Sources */ = {
			isa = PBXSourcesBuildPhase;
			buildActionMask = 2147483647;
			files = (
				983D00011CDF63A000D39731 /* Resolver+Properties.swift in Sources */,
				983D009B1CDF6DA500D39731 /* Assembler+Properties.swift in Sources */,
				983D00051CDF63A000D39731 /* JsonPropertyLoader.swift in Sources */,
				983D000D1CDF63A000D39731 /* PropertyLoaderError.swift in Sources */,
				983D00091CDF63A000D39731 /* PlistPropertyLoader.swift in Sources */,
				983D00111CDF63A000D39731 /* PropertyLoader.swift in Sources */,
			);
			runOnlyForDeploymentPostprocessing = 0;
		};
		98D5627D1CDB173500DECDC0 /* Sources */ = {
			isa = PBXSourcesBuildPhase;
			buildActionMask = 2147483647;
			files = (
				983D009E1CDF6FEF00D39731 /* BasicAssembly.swift in Sources */,
				983D001F1CDF63CA00D39731 /* Properties.swift in Sources */,
				983D00601CDF67A900D39731 /* Resolver+PropertiesSpec.swift in Sources */,
				983D001C1CDF63CA00D39731 /* PlistPropertyLoaderSpec.swift in Sources */,
				983D00411CDF651600D39731 /* Assembler+PropertiesSpec.swift in Sources */,
				983D00191CDF63CA00D39731 /* JsonPropertyLoaderSpec.swift in Sources */,
				983D005C1CDF664600D39731 /* Animal.swift in Sources */,
			);
			runOnlyForDeploymentPostprocessing = 0;
		};
		98D5628F1CDB19AB00DECDC0 /* Sources */ = {
			isa = PBXSourcesBuildPhase;
			buildActionMask = 2147483647;
			files = (
				983D00021CDF63A000D39731 /* Resolver+Properties.swift in Sources */,
				983D009A1CDF6DA400D39731 /* Assembler+Properties.swift in Sources */,
				983D00061CDF63A000D39731 /* JsonPropertyLoader.swift in Sources */,
				983D000E1CDF63A000D39731 /* PropertyLoaderError.swift in Sources */,
				983D000A1CDF63A000D39731 /* PlistPropertyLoader.swift in Sources */,
				983D00121CDF63A000D39731 /* PropertyLoader.swift in Sources */,
			);
			runOnlyForDeploymentPostprocessing = 0;
		};
		98D562991CDB19AB00DECDC0 /* Sources */ = {
			isa = PBXSourcesBuildPhase;
			buildActionMask = 2147483647;
			files = (
				983D009F1CDF6FF000D39731 /* BasicAssembly.swift in Sources */,
				983D00201CDF63CA00D39731 /* Properties.swift in Sources */,
				983D00611CDF67A900D39731 /* Resolver+PropertiesSpec.swift in Sources */,
				983D001D1CDF63CA00D39731 /* PlistPropertyLoaderSpec.swift in Sources */,
				983D00421CDF651600D39731 /* Assembler+PropertiesSpec.swift in Sources */,
				983D001A1CDF63CA00D39731 /* JsonPropertyLoaderSpec.swift in Sources */,
				983D005D1CDF664600D39731 /* Animal.swift in Sources */,
			);
			runOnlyForDeploymentPostprocessing = 0;
		};
/* End PBXSourcesBuildPhase section */

/* Begin PBXTargetDependency section */
		983D00771CDF693700D39731 /* PBXTargetDependency */ = {
			isa = PBXTargetDependency;
			name = "Swinject-watchOS";
			targetProxy = 983D00761CDF693700D39731 /* PBXContainerItemProxy */;
		};
		983DFE731CDB3A7300D39731 /* PBXTargetDependency */ = {
			isa = PBXTargetDependency;
			name = "Swinject-iOS";
			targetProxy = 983DFE721CDB3A7300D39731 /* PBXContainerItemProxy */;
		};
		983DFE771CDB3A9700D39731 /* PBXTargetDependency */ = {
			isa = PBXTargetDependency;
			name = "Swinject-OSX";
			targetProxy = 983DFE761CDB3A9700D39731 /* PBXContainerItemProxy */;
		};
		983DFE791CDB3AA000D39731 /* PBXTargetDependency */ = {
			isa = PBXTargetDependency;
			name = "Swinject-tvOS";
			targetProxy = 983DFE781CDB3AA000D39731 /* PBXContainerItemProxy */;
		};
		985315511CDB2C1D009E9FB7 /* PBXTargetDependency */ = {
			isa = PBXTargetDependency;
			name = "Quick-iOS";
			targetProxy = 985315501CDB2C1D009E9FB7 /* PBXContainerItemProxy */;
		};
		985904131CDB0AA700275E4A /* PBXTargetDependency */ = {
			isa = PBXTargetDependency;
			target = 985904051CDB0AA700275E4A /* SwinjectPropertyLoader-iOS */;
			targetProxy = 985904121CDB0AA700275E4A /* PBXContainerItemProxy */;
		};
		98D562841CDB173500DECDC0 /* PBXTargetDependency */ = {
			isa = PBXTargetDependency;
			target = 98D562771CDB173500DECDC0 /* SwinjectPropertyLoader-OSX */;
			targetProxy = 98D562831CDB173500DECDC0 /* PBXContainerItemProxy */;
		};
		98D562A01CDB19AB00DECDC0 /* PBXTargetDependency */ = {
			isa = PBXTargetDependency;
			target = 98D562931CDB19AB00DECDC0 /* SwinjectPropertyLoader-tvOS */;
			targetProxy = 98D5629F1CDB19AB00DECDC0 /* PBXContainerItemProxy */;
		};
		98D563A31CDB29D700DECDC0 /* PBXTargetDependency */ = {
			isa = PBXTargetDependency;
			name = "Nimble-iOS";
			targetProxy = 98D563A21CDB29D700DECDC0 /* PBXContainerItemProxy */;
		};
		98D563A91CDB2A0400DECDC0 /* PBXTargetDependency */ = {
			isa = PBXTargetDependency;
			name = "Nimble-OSX";
			targetProxy = 98D563A81CDB2A0400DECDC0 /* PBXContainerItemProxy */;
		};
		98D563AB1CDB2A0400DECDC0 /* PBXTargetDependency */ = {
			isa = PBXTargetDependency;
			name = "Quick-OSX";
			targetProxy = 98D563AA1CDB2A0400DECDC0 /* PBXContainerItemProxy */;
		};
		98D563AF1CDB2A2A00DECDC0 /* PBXTargetDependency */ = {
			isa = PBXTargetDependency;
			name = "Nimble-tvOS";
			targetProxy = 98D563AE1CDB2A2A00DECDC0 /* PBXContainerItemProxy */;
		};
		98D563B11CDB2A2A00DECDC0 /* PBXTargetDependency */ = {
			isa = PBXTargetDependency;
			name = "Quick-tvOS";
			targetProxy = 98D563B01CDB2A2A00DECDC0 /* PBXContainerItemProxy */;
		};
/* End PBXTargetDependency section */

/* Begin XCBuildConfiguration section */
		983DFF721CDF3FEE00D39731 /* Debug */ = {
			isa = XCBuildConfiguration;
			baseConfigurationReference = 983DFF871CDF418300D39731 /* watchOS-Framework.xcconfig */;
			buildSettings = {
				CLANG_ENABLE_MODULES = YES;
				DEFINES_MODULE = YES;
				DYLIB_COMPATIBILITY_VERSION = 1;
				DYLIB_CURRENT_VERSION = 1;
				INFOPLIST_FILE = Sources/Info.plist;
				LD_RUNPATH_SEARCH_PATHS = "$(inherited) @executable_path/../Frameworks @loader_path/Frameworks";
				PRODUCT_BUNDLE_IDENTIFIER = "com.el-eleven.SwinjectPropertyLoader";
				SWIFT_OPTIMIZATION_LEVEL = "-Onone";
				SWIFT_VERSION = 5.0;
				TARGETED_DEVICE_FAMILY = 4;
			};
			name = Debug;
		};
		983DFF731CDF3FEE00D39731 /* Release */ = {
			isa = XCBuildConfiguration;
			baseConfigurationReference = 983DFF871CDF418300D39731 /* watchOS-Framework.xcconfig */;
			buildSettings = {
				CLANG_ENABLE_MODULES = YES;
				DEFINES_MODULE = YES;
				DYLIB_COMPATIBILITY_VERSION = 1;
				DYLIB_CURRENT_VERSION = 1;
				INFOPLIST_FILE = Sources/Info.plist;
				LD_RUNPATH_SEARCH_PATHS = "$(inherited) @executable_path/../Frameworks @loader_path/Frameworks";
				PRODUCT_BUNDLE_IDENTIFIER = "com.el-eleven.SwinjectPropertyLoader";
				SWIFT_VERSION = 5.0;
				TARGETED_DEVICE_FAMILY = 4;
			};
			name = Release;
		};
		985904181CDB0AA700275E4A /* Debug */ = {
			isa = XCBuildConfiguration;
			baseConfigurationReference = 98D562B41CDB1E8800DECDC0 /* Debug.xcconfig */;
			buildSettings = {
				CURRENT_PROJECT_VERSION = 1;
				ENABLE_TESTABILITY = YES;
				GCC_NO_COMMON_BLOCKS = YES;
				IPHONEOS_DEPLOYMENT_TARGET = 8.0;
				MACOSX_DEPLOYMENT_TARGET = 10.10;
				MTL_ENABLE_DEBUG_INFO = YES;
				SWIFT_VERSION = 5.0;
				TARGETED_DEVICE_FAMILY = "1,2";
				TVOS_DEPLOYMENT_TARGET = 9.0;
				VERSIONING_SYSTEM = "apple-generic";
				VERSION_INFO_PREFIX = "";
				WATCHOS_DEPLOYMENT_TARGET = 2.0;
			};
			name = Debug;
		};
		985904191CDB0AA700275E4A /* Release */ = {
			isa = XCBuildConfiguration;
			baseConfigurationReference = 98D562B61CDB1E8800DECDC0 /* Release.xcconfig */;
			buildSettings = {
				CURRENT_PROJECT_VERSION = 1;
				GCC_NO_COMMON_BLOCKS = YES;
				IPHONEOS_DEPLOYMENT_TARGET = 8.0;
				MACOSX_DEPLOYMENT_TARGET = 10.10;
				MTL_ENABLE_DEBUG_INFO = NO;
				SWIFT_VERSION = 5.0;
				TARGETED_DEVICE_FAMILY = "1,2";
				TVOS_DEPLOYMENT_TARGET = 9.0;
				VERSIONING_SYSTEM = "apple-generic";
				VERSION_INFO_PREFIX = "";
				WATCHOS_DEPLOYMENT_TARGET = 2.0;
			};
			name = Release;
		};
		9859041B1CDB0AA700275E4A /* Debug */ = {
			isa = XCBuildConfiguration;
			baseConfigurationReference = 98D562BF1CDB1E8800DECDC0 /* iOS-Framework.xcconfig */;
			buildSettings = {
				CLANG_ENABLE_MODULES = YES;
				DEFINES_MODULE = YES;
				DYLIB_COMPATIBILITY_VERSION = 1;
				DYLIB_CURRENT_VERSION = 1;
				INFOPLIST_FILE = Sources/Info.plist;
				LD_RUNPATH_SEARCH_PATHS = "$(inherited) @executable_path/Frameworks @loader_path/Frameworks";
				PRODUCT_BUNDLE_IDENTIFIER = "com.el-eleven.SwinjectPropertyLoader";
				SWIFT_OPTIMIZATION_LEVEL = "-Onone";
				SWIFT_VERSION = 5.0;
			};
			name = Debug;
		};
		9859041C1CDB0AA700275E4A /* Release */ = {
			isa = XCBuildConfiguration;
			baseConfigurationReference = 98D562BF1CDB1E8800DECDC0 /* iOS-Framework.xcconfig */;
			buildSettings = {
				CLANG_ENABLE_MODULES = YES;
				DEFINES_MODULE = YES;
				DYLIB_COMPATIBILITY_VERSION = 1;
				DYLIB_CURRENT_VERSION = 1;
				INFOPLIST_FILE = Sources/Info.plist;
				LD_RUNPATH_SEARCH_PATHS = "$(inherited) @executable_path/Frameworks @loader_path/Frameworks";
				PRODUCT_BUNDLE_IDENTIFIER = "com.el-eleven.SwinjectPropertyLoader";
				SWIFT_VERSION = 5.0;
			};
			name = Release;
		};
		9859041E1CDB0AA700275E4A /* Debug */ = {
			isa = XCBuildConfiguration;
			baseConfigurationReference = 98D562BD1CDB1E8800DECDC0 /* iOS-Application.xcconfig */;
			buildSettings = {
				INFOPLIST_FILE = Tests/Info.plist;
				PRODUCT_BUNDLE_IDENTIFIER = "com.el-eleven.SwinjectPropertyLoaderTests";
				PRODUCT_NAME = "$(PROJECT_NAME)Tests";
				SWIFT_VERSION = 5.0;
			};
			name = Debug;
		};
		9859041F1CDB0AA700275E4A /* Release */ = {
			isa = XCBuildConfiguration;
			baseConfigurationReference = 98D562BD1CDB1E8800DECDC0 /* iOS-Application.xcconfig */;
			buildSettings = {
				INFOPLIST_FILE = Tests/Info.plist;
				PRODUCT_BUNDLE_IDENTIFIER = "com.el-eleven.SwinjectPropertyLoaderTests";
				PRODUCT_NAME = "$(PROJECT_NAME)Tests";
				SWIFT_VERSION = 5.0;
			};
			name = Release;
		};
		98D5628A1CDB173500DECDC0 /* Debug */ = {
			isa = XCBuildConfiguration;
			baseConfigurationReference = 8963F0D8225D33E50080B8B0 /* macOS-Framework.xcconfig */;
			buildSettings = {
				CLANG_ENABLE_MODULES = YES;
				DEFINES_MODULE = YES;
				DYLIB_COMPATIBILITY_VERSION = 1;
				DYLIB_CURRENT_VERSION = 1;
				INFOPLIST_FILE = Sources/Info.plist;
				LD_RUNPATH_SEARCH_PATHS = "$(inherited) @executable_path/../Frameworks @loader_path/Frameworks";
				PRODUCT_BUNDLE_IDENTIFIER = "com.el-eleven.SwinjectPropertyLoader";
				SWIFT_OPTIMIZATION_LEVEL = "-Onone";
				SWIFT_VERSION = 5.0;
			};
			name = Debug;
		};
		98D5628B1CDB173500DECDC0 /* Release */ = {
			isa = XCBuildConfiguration;
			baseConfigurationReference = 8963F0D8225D33E50080B8B0 /* macOS-Framework.xcconfig */;
			buildSettings = {
				CLANG_ENABLE_MODULES = YES;
				DEFINES_MODULE = YES;
				DYLIB_COMPATIBILITY_VERSION = 1;
				DYLIB_CURRENT_VERSION = 1;
				INFOPLIST_FILE = Sources/Info.plist;
				LD_RUNPATH_SEARCH_PATHS = "$(inherited) @executable_path/../Frameworks @loader_path/Frameworks";
				PRODUCT_BUNDLE_IDENTIFIER = "com.el-eleven.SwinjectPropertyLoader";
				SWIFT_VERSION = 5.0;
			};
			name = Release;
		};
		98D5628D1CDB173500DECDC0 /* Debug */ = {
			isa = XCBuildConfiguration;
			baseConfigurationReference = 8963F0D7225D33E50080B8B0 /* macOS-Application.xcconfig */;
			buildSettings = {
				INFOPLIST_FILE = Tests/Info.plist;
				PRODUCT_BUNDLE_IDENTIFIER = "com.el-eleven.SwinjectPropertyLoaderTests";
				PRODUCT_NAME = "$(PROJECT_NAME)Tests";
				SWIFT_VERSION = 5.0;
			};
			name = Debug;
		};
		98D5628E1CDB173500DECDC0 /* Release */ = {
			isa = XCBuildConfiguration;
			baseConfigurationReference = 8963F0D7225D33E50080B8B0 /* macOS-Application.xcconfig */;
			buildSettings = {
				INFOPLIST_FILE = Tests/Info.plist;
				PRODUCT_BUNDLE_IDENTIFIER = "com.el-eleven.SwinjectPropertyLoaderTests";
				PRODUCT_NAME = "$(PROJECT_NAME)Tests";
				SWIFT_VERSION = 5.0;
			};
			name = Release;
		};
		98D562A51CDB19AB00DECDC0 /* Debug */ = {
			isa = XCBuildConfiguration;
			baseConfigurationReference = 98D562CB1CDB1E8800DECDC0 /* tvOS-Framework.xcconfig */;
			buildSettings = {
				CLANG_ENABLE_MODULES = YES;
				DEFINES_MODULE = YES;
				DYLIB_COMPATIBILITY_VERSION = 1;
				DYLIB_CURRENT_VERSION = 1;
				INFOPLIST_FILE = Sources/Info.plist;
				LD_RUNPATH_SEARCH_PATHS = "$(inherited) @executable_path/../Frameworks @loader_path/Frameworks";
				PRODUCT_BUNDLE_IDENTIFIER = "com.el-eleven.SwinjectPropertyLoader";
				SWIFT_OPTIMIZATION_LEVEL = "-Onone";
				SWIFT_VERSION = 5.0;
				TARGETED_DEVICE_FAMILY = 3;
			};
			name = Debug;
		};
		98D562A61CDB19AB00DECDC0 /* Release */ = {
			isa = XCBuildConfiguration;
			baseConfigurationReference = 98D562CB1CDB1E8800DECDC0 /* tvOS-Framework.xcconfig */;
			buildSettings = {
				CLANG_ENABLE_MODULES = YES;
				DEFINES_MODULE = YES;
				DYLIB_COMPATIBILITY_VERSION = 1;
				DYLIB_CURRENT_VERSION = 1;
				INFOPLIST_FILE = Sources/Info.plist;
				LD_RUNPATH_SEARCH_PATHS = "$(inherited) @executable_path/../Frameworks @loader_path/Frameworks";
				PRODUCT_BUNDLE_IDENTIFIER = "com.el-eleven.SwinjectPropertyLoader";
				SWIFT_VERSION = 5.0;
				TARGETED_DEVICE_FAMILY = 3;
			};
			name = Release;
		};
		98D562A71CDB19AB00DECDC0 /* Debug */ = {
			isa = XCBuildConfiguration;
			baseConfigurationReference = 98D562C91CDB1E8800DECDC0 /* tvOS-Application.xcconfig */;
			buildSettings = {
				INFOPLIST_FILE = Tests/Info.plist;
				PRODUCT_BUNDLE_IDENTIFIER = "com.el-eleven.SwinjectPropertyLoaderTests";
				PRODUCT_NAME = "$(PROJECT_NAME)Tests";
				SWIFT_VERSION = 5.0;
			};
			name = Debug;
		};
		98D562A81CDB19AB00DECDC0 /* Release */ = {
			isa = XCBuildConfiguration;
			baseConfigurationReference = 98D562C91CDB1E8800DECDC0 /* tvOS-Application.xcconfig */;
			buildSettings = {
				INFOPLIST_FILE = Tests/Info.plist;
				PRODUCT_BUNDLE_IDENTIFIER = "com.el-eleven.SwinjectPropertyLoaderTests";
				PRODUCT_NAME = "$(PROJECT_NAME)Tests";
				SWIFT_VERSION = 5.0;
			};
			name = Release;
		};
/* End XCBuildConfiguration section */

/* Begin XCConfigurationList section */
		983DFF811CDF3FEE00D39731 /* Build configuration list for PBXNativeTarget "SwinjectPropertyLoader-watchOS" */ = {
			isa = XCConfigurationList;
			buildConfigurations = (
				983DFF721CDF3FEE00D39731 /* Debug */,
				983DFF731CDF3FEE00D39731 /* Release */,
			);
			defaultConfigurationIsVisible = 0;
			defaultConfigurationName = Release;
		};
		985904001CDB0AA700275E4A /* Build configuration list for PBXProject "SwinjectPropertyLoader" */ = {
			isa = XCConfigurationList;
			buildConfigurations = (
				985904181CDB0AA700275E4A /* Debug */,
				985904191CDB0AA700275E4A /* Release */,
			);
			defaultConfigurationIsVisible = 0;
			defaultConfigurationName = Release;
		};
		9859041A1CDB0AA700275E4A /* Build configuration list for PBXNativeTarget "SwinjectPropertyLoader-iOS" */ = {
			isa = XCConfigurationList;
			buildConfigurations = (
				9859041B1CDB0AA700275E4A /* Debug */,
				9859041C1CDB0AA700275E4A /* Release */,
			);
			defaultConfigurationIsVisible = 0;
			defaultConfigurationName = Release;
		};
		9859041D1CDB0AA700275E4A /* Build configuration list for PBXNativeTarget "SwinjectPropertyLoader-iOSTests" */ = {
			isa = XCConfigurationList;
			buildConfigurations = (
				9859041E1CDB0AA700275E4A /* Debug */,
				9859041F1CDB0AA700275E4A /* Release */,
			);
			defaultConfigurationIsVisible = 0;
			defaultConfigurationName = Release;
		};
		98D562891CDB173500DECDC0 /* Build configuration list for PBXNativeTarget "SwinjectPropertyLoader-OSX" */ = {
			isa = XCConfigurationList;
			buildConfigurations = (
				98D5628A1CDB173500DECDC0 /* Debug */,
				98D5628B1CDB173500DECDC0 /* Release */,
			);
			defaultConfigurationIsVisible = 0;
			defaultConfigurationName = Release;
		};
		98D5628C1CDB173500DECDC0 /* Build configuration list for PBXNativeTarget "SwinjectPropertyLoader-OSXTests" */ = {
			isa = XCConfigurationList;
			buildConfigurations = (
				98D5628D1CDB173500DECDC0 /* Debug */,
				98D5628E1CDB173500DECDC0 /* Release */,
			);
			defaultConfigurationIsVisible = 0;
			defaultConfigurationName = Release;
		};
		98D562A91CDB19AB00DECDC0 /* Build configuration list for PBXNativeTarget "SwinjectPropertyLoader-tvOS" */ = {
			isa = XCConfigurationList;
			buildConfigurations = (
				98D562A51CDB19AB00DECDC0 /* Debug */,
				98D562A61CDB19AB00DECDC0 /* Release */,
			);
			defaultConfigurationIsVisible = 0;
			defaultConfigurationName = Release;
		};
		98D562AA1CDB19AB00DECDC0 /* Build configuration list for PBXNativeTarget "SwinjectPropertyLoader-tvOSTests" */ = {
			isa = XCConfigurationList;
			buildConfigurations = (
				98D562A71CDB19AB00DECDC0 /* Debug */,
				98D562A81CDB19AB00DECDC0 /* Release */,
			);
			defaultConfigurationIsVisible = 0;
			defaultConfigurationName = Release;
		};
/* End XCConfigurationList section */
	};
	rootObject = 985903FD1CDB0AA700275E4A /* Project object */;
}
